// !$*UTF8*$!
{
	archiveVersion = 1;
	classes = {
	};
	objectVersion = 52;
	objects = {

/* Begin PBXBuildFile section */
		40E9DF6E398018572B0678F3 /* Pods_TMDB.framework in Frameworks */ = {isa = PBXBuildFile; fileRef = A80C91B721F4C045003C2432 /* Pods_TMDB.framework */; };
		4C9AAD7A5233C44D756186BF /* Pods_TMDBTests.framework in Frameworks */ = {isa = PBXBuildFile; fileRef = 5DF87FE775338476A96C567B /* Pods_TMDBTests.framework */; };
		664BEEF8E799909781D8214B /* Pods_TMDB.framework in Frameworks */ = {isa = PBXBuildFile; fileRef = 5B776AAE85E2BDBEEA657099 /* Pods_TMDB.framework */; };
		A80C918C21F4BDA6003C2432 /* SplashBuilder.swift in Sources */ = {isa = PBXBuildFile; fileRef = A80C915321F4BDA6003C2432 /* SplashBuilder.swift */; };
		A80C918D21F4BDA6003C2432 /* SplashViewController.swift in Sources */ = {isa = PBXBuildFile; fileRef = A80C915521F4BDA6003C2432 /* SplashViewController.swift */; };
		A80C918E21F4BDA6003C2432 /* Splash.storyboard in Resources */ = {isa = PBXBuildFile; fileRef = A80C915621F4BDA6003C2432 /* Splash.storyboard */; };
		A80C919221F4BDA6003C2432 /* MoviesPresenter.swift in Sources */ = {isa = PBXBuildFile; fileRef = A80C915D21F4BDA6003C2432 /* MoviesPresenter.swift */; };
		A80C919421F4BDA6003C2432 /* MovieViewModel.swift in Sources */ = {isa = PBXBuildFile; fileRef = A80C915F21F4BDA6003C2432 /* MovieViewModel.swift */; };
		A80C919621F4BDA6003C2432 /* MovieTableViewCell.xib in Resources */ = {isa = PBXBuildFile; fileRef = A80C916221F4BDA6003C2432 /* MovieTableViewCell.xib */; };
		A80C919721F4BDA6003C2432 /* MoviesViewController.swift in Sources */ = {isa = PBXBuildFile; fileRef = A80C916321F4BDA6003C2432 /* MoviesViewController.swift */; };
		A80C919821F4BDA6003C2432 /* MoviesViewController+Sort.swift in Sources */ = {isa = PBXBuildFile; fileRef = A80C916421F4BDA6003C2432 /* MoviesViewController+Sort.swift */; };
		A80C919921F4BDA6003C2432 /* MoviesTableViewController.swift in Sources */ = {isa = PBXBuildFile; fileRef = A80C916521F4BDA6003C2432 /* MoviesTableViewController.swift */; };
		A80C919A21F4BDA6003C2432 /* MoviesTableViewController.xib in Resources */ = {isa = PBXBuildFile; fileRef = A80C916621F4BDA6003C2432 /* MoviesTableViewController.xib */; };
		A80C919B21F4BDA6003C2432 /* MoviesViewController+Filter.swift in Sources */ = {isa = PBXBuildFile; fileRef = A80C916721F4BDA6003C2432 /* MoviesViewController+Filter.swift */; };
		A80C919C21F4BDA6003C2432 /* MoviesViewController.xib in Resources */ = {isa = PBXBuildFile; fileRef = A80C916821F4BDA6003C2432 /* MoviesViewController.xib */; };
		A80C919D21F4BDA6003C2432 /* MovieTableViewCell.swift in Sources */ = {isa = PBXBuildFile; fileRef = A80C916921F4BDA6003C2432 /* MovieTableViewCell.swift */; };
		A80C919E21F4BDA6003C2432 /* MoviesBuilder.swift in Sources */ = {isa = PBXBuildFile; fileRef = A80C916A21F4BDA6003C2432 /* MoviesBuilder.swift */; };
		A80C919F21F4BDA6003C2432 /* AppBuilder.swift in Sources */ = {isa = PBXBuildFile; fileRef = A80C916C21F4BDA6003C2432 /* AppBuilder.swift */; };
		A80C91A021F4BDA6003C2432 /* LaunchScreen.storyboard in Resources */ = {isa = PBXBuildFile; fileRef = A80C916D21F4BDA6003C2432 /* LaunchScreen.storyboard */; };
		A80C91A221F4BDA6003C2432 /* moviesJson.json in Resources */ = {isa = PBXBuildFile; fileRef = A80C917121F4BDA6003C2432 /* moviesJson.json */; };
		A80C91A321F4BDA6003C2432 /* movie_loading.json in Resources */ = {isa = PBXBuildFile; fileRef = A80C917221F4BDA6003C2432 /* movie_loading.json */; };
		A80C91A521F4BDA6003C2432 /* Assets.xcassets in Resources */ = {isa = PBXBuildFile; fileRef = A80C917421F4BDA6003C2432 /* Assets.xcassets */; };
		A80C91AA21F4BDA6003C2432 /* Enumerations.swift in Sources */ = {isa = PBXBuildFile; fileRef = A80C917B21F4BDA6003C2432 /* Enumerations.swift */; };
		A80C91B321F4BDA6003C2432 /* Movie.swift in Sources */ = {isa = PBXBuildFile; fileRef = A80C918721F4BDA6003C2432 /* Movie.swift */; };
		A80C91B521F4BDA6003C2432 /* AppDelegate.swift in Sources */ = {isa = PBXBuildFile; fileRef = A80C918A21F4BDA6003C2432 /* AppDelegate.swift */; };
		A8295E3C2960E66F00722A15 /* Unbox in Frameworks */ = {isa = PBXBuildFile; productRef = A8295E3B2960E66F00722A15 /* Unbox */; };
		A8295E3F2960EA4800722A15 /* Kingfisher in Frameworks */ = {isa = PBXBuildFile; productRef = A8295E3E2960EA4800722A15 /* Kingfisher */; };
		A831DB1021F7670800EEF5B5 /* Constants.swift in Sources */ = {isa = PBXBuildFile; fileRef = A831DB0F21F7670800EEF5B5 /* Constants.swift */; };
		A85EBE1921F4E8BA0012ACFF /* TableViewDataSourceTests.swift in Sources */ = {isa = PBXBuildFile; fileRef = A85EBE0921F4E8B90012ACFF /* TableViewDataSourceTests.swift */; };
		A85EBE1E21F4E8BA0012ACFF /* URLGeneratorTests.swift in Sources */ = {isa = PBXBuildFile; fileRef = A85EBE0F21F4E8B90012ACFF /* URLGeneratorTests.swift */; };
		A85EBE1F21F4E8BA0012ACFF /* MovieTableViewCellTests.swift in Sources */ = {isa = PBXBuildFile; fileRef = A85EBE1021F4E8B90012ACFF /* MovieTableViewCellTests.swift */; };
		A85EBE2021F4E8BA0012ACFF /* MoviesInteractorTests.swift in Sources */ = {isa = PBXBuildFile; fileRef = A85EBE1121F4E8B90012ACFF /* MoviesInteractorTests.swift */; };
		A85EBE2121F4E8BA0012ACFF /* MoviesBuilderTests.swift in Sources */ = {isa = PBXBuildFile; fileRef = A85EBE1221F4E8B90012ACFF /* MoviesBuilderTests.swift */; };
		A85EBE2221F4E8BA0012ACFF /* AppBuilderTests.swift in Sources */ = {isa = PBXBuildFile; fileRef = A85EBE1321F4E8B90012ACFF /* AppBuilderTests.swift */; };
		A85EBE2421F4E8BA0012ACFF /* MoviesServiceTests.swift in Sources */ = {isa = PBXBuildFile; fileRef = A85EBE1521F4E8BA0012ACFF /* MoviesServiceTests.swift */; };
		A85EBE2621F4E8BA0012ACFF /* MoviesPresenterTests.swift in Sources */ = {isa = PBXBuildFile; fileRef = A85EBE1721F4E8BA0012ACFF /* MoviesPresenterTests.swift */; };
		A8693E9422121F000018CDEB /* MoviesInteractor.swift in Sources */ = {isa = PBXBuildFile; fileRef = A8693E9322121F000018CDEB /* MoviesInteractor.swift */; };
		A86988A2299E703E00A1F76B /* Tiguer in Frameworks */ = {isa = PBXBuildFile; productRef = A86988A1299E703E00A1F76B /* Tiguer */; };
		A88969AA2225914A0090780C /* MoviesSelectionManager.swift in Sources */ = {isa = PBXBuildFile; fileRef = A88969A9222591490090780C /* MoviesSelectionManager.swift */; };
		A88969AC2225956E0090780C /* MoviesTableViewController+DataSource.swift in Sources */ = {isa = PBXBuildFile; fileRef = A88969AB2225956E0090780C /* MoviesTableViewController+DataSource.swift */; };
		A88D339A262F677500723C7D /* MovieDetailViewController.swift in Sources */ = {isa = PBXBuildFile; fileRef = A88D3399262F677500723C7D /* MovieDetailViewController.swift */; };
		A88D33A6262F6F4100723C7D /* MovieDetailViewController.xib in Resources */ = {isa = PBXBuildFile; fileRef = A88D33A5262F6F4100723C7D /* MovieDetailViewController.xib */; };
		A88D33A7262F6F4100723C7D /* MovieDetailViewController.xib in Resources */ = {isa = PBXBuildFile; fileRef = A88D33A5262F6F4100723C7D /* MovieDetailViewController.xib */; };
		A890399329622BEA003973B3 /* Promis in Frameworks */ = {isa = PBXBuildFile; productRef = A890399229622BEA003973B3 /* Promis */; };
		A8DB9E092256CDC200577BA1 /* MoviesDataUrl.swift in Sources */ = {isa = PBXBuildFile; fileRef = A8DB9E052256CDC200577BA1 /* MoviesDataUrl.swift */; };
		A8DB9E0A2256CDC200577BA1 /* MoviesImageUrl.swift in Sources */ = {isa = PBXBuildFile; fileRef = A8DB9E062256CDC200577BA1 /* MoviesImageUrl.swift */; };
		A8DB9E0B2256CDC200577BA1 /* MoviesService.swift in Sources */ = {isa = PBXBuildFile; fileRef = A8DB9E072256CDC200577BA1 /* MoviesService.swift */; };
		A8DE79952204B403004F0C1F /* SplashBuilderTests.swift in Sources */ = {isa = PBXBuildFile; fileRef = A8DE79942204B403004F0C1F /* SplashBuilderTests.swift */; };
/* End PBXBuildFile section */

/* Begin PBXContainerItemProxy section */
		A85EBDD821F4E7CB0012ACFF /* PBXContainerItemProxy */ = {
			isa = PBXContainerItemProxy;
			containerPortal = A87D0A3721E4109E001D62B9 /* Project object */;
			proxyType = 1;
			remoteGlobalIDString = A87D0A3E21E4109E001D62B9;
			remoteInfo = TMDB;
		};
		A85EBDE621F4E7DC0012ACFF /* PBXContainerItemProxy */ = {
			isa = PBXContainerItemProxy;
			containerPortal = A87D0A3721E4109E001D62B9 /* Project object */;
			proxyType = 1;
			remoteGlobalIDString = A87D0A3E21E4109E001D62B9;
			remoteInfo = TMDB;
		};
/* End PBXContainerItemProxy section */

/* Begin PBXFileReference section */
		360D73DB2D9AAB07E8DA70E6 /* Pods-TMDBTests.debug.xcconfig */ = {isa = PBXFileReference; includeInIndex = 1; lastKnownFileType = text.xcconfig; name = "Pods-TMDBTests.debug.xcconfig"; path = "Pods/Target Support Files/Pods-TMDBTests/Pods-TMDBTests.debug.xcconfig"; sourceTree = "<group>"; };
		5B3E20ABB866B8DF27C67D09 /* Pods-TMDB.debug.xcconfig */ = {isa = PBXFileReference; includeInIndex = 1; lastKnownFileType = text.xcconfig; name = "Pods-TMDB.debug.xcconfig"; path = "Pods/Target Support Files/Pods-TMDB/Pods-TMDB.debug.xcconfig"; sourceTree = "<group>"; };
		5B776AAE85E2BDBEEA657099 /* Pods_TMDB.framework */ = {isa = PBXFileReference; explicitFileType = wrapper.framework; includeInIndex = 0; path = Pods_TMDB.framework; sourceTree = BUILT_PRODUCTS_DIR; };
		5DF87FE775338476A96C567B /* Pods_TMDBTests.framework */ = {isa = PBXFileReference; explicitFileType = wrapper.framework; includeInIndex = 0; path = Pods_TMDBTests.framework; sourceTree = BUILT_PRODUCTS_DIR; };
		A80C915321F4BDA6003C2432 /* SplashBuilder.swift */ = {isa = PBXFileReference; fileEncoding = 4; lastKnownFileType = sourcecode.swift; path = SplashBuilder.swift; sourceTree = "<group>"; };
		A80C915521F4BDA6003C2432 /* SplashViewController.swift */ = {isa = PBXFileReference; fileEncoding = 4; lastKnownFileType = sourcecode.swift; path = SplashViewController.swift; sourceTree = "<group>"; };
		A80C915621F4BDA6003C2432 /* Splash.storyboard */ = {isa = PBXFileReference; fileEncoding = 4; lastKnownFileType = file.storyboard; path = Splash.storyboard; sourceTree = "<group>"; };
		A80C915D21F4BDA6003C2432 /* MoviesPresenter.swift */ = {isa = PBXFileReference; fileEncoding = 4; lastKnownFileType = sourcecode.swift; path = MoviesPresenter.swift; sourceTree = "<group>"; };
		A80C915F21F4BDA6003C2432 /* MovieViewModel.swift */ = {isa = PBXFileReference; fileEncoding = 4; lastKnownFileType = sourcecode.swift; path = MovieViewModel.swift; sourceTree = "<group>"; };
		A80C916221F4BDA6003C2432 /* MovieTableViewCell.xib */ = {isa = PBXFileReference; fileEncoding = 4; lastKnownFileType = file.xib; path = MovieTableViewCell.xib; sourceTree = "<group>"; };
		A80C916321F4BDA6003C2432 /* MoviesViewController.swift */ = {isa = PBXFileReference; fileEncoding = 4; lastKnownFileType = sourcecode.swift; path = MoviesViewController.swift; sourceTree = "<group>"; };
		A80C916421F4BDA6003C2432 /* MoviesViewController+Sort.swift */ = {isa = PBXFileReference; fileEncoding = 4; lastKnownFileType = sourcecode.swift; path = "MoviesViewController+Sort.swift"; sourceTree = "<group>"; };
		A80C916521F4BDA6003C2432 /* MoviesTableViewController.swift */ = {isa = PBXFileReference; fileEncoding = 4; lastKnownFileType = sourcecode.swift; path = MoviesTableViewController.swift; sourceTree = "<group>"; };
		A80C916621F4BDA6003C2432 /* MoviesTableViewController.xib */ = {isa = PBXFileReference; fileEncoding = 4; lastKnownFileType = file.xib; path = MoviesTableViewController.xib; sourceTree = "<group>"; };
		A80C916721F4BDA6003C2432 /* MoviesViewController+Filter.swift */ = {isa = PBXFileReference; fileEncoding = 4; lastKnownFileType = sourcecode.swift; path = "MoviesViewController+Filter.swift"; sourceTree = "<group>"; };
		A80C916821F4BDA6003C2432 /* MoviesViewController.xib */ = {isa = PBXFileReference; fileEncoding = 4; lastKnownFileType = file.xib; path = MoviesViewController.xib; sourceTree = "<group>"; };
		A80C916921F4BDA6003C2432 /* MovieTableViewCell.swift */ = {isa = PBXFileReference; fileEncoding = 4; lastKnownFileType = sourcecode.swift; path = MovieTableViewCell.swift; sourceTree = "<group>"; };
		A80C916A21F4BDA6003C2432 /* MoviesBuilder.swift */ = {isa = PBXFileReference; fileEncoding = 4; lastKnownFileType = sourcecode.swift; path = MoviesBuilder.swift; sourceTree = "<group>"; };
		A80C916C21F4BDA6003C2432 /* AppBuilder.swift */ = {isa = PBXFileReference; fileEncoding = 4; lastKnownFileType = sourcecode.swift; path = AppBuilder.swift; sourceTree = "<group>"; };
		A80C916E21F4BDA6003C2432 /* Base */ = {isa = PBXFileReference; lastKnownFileType = file.storyboard; name = Base; path = Base.lproj/LaunchScreen.storyboard; sourceTree = "<group>"; };
		A80C917121F4BDA6003C2432 /* moviesJson.json */ = {isa = PBXFileReference; fileEncoding = 4; lastKnownFileType = text.json; path = moviesJson.json; sourceTree = "<group>"; };
		A80C917221F4BDA6003C2432 /* movie_loading.json */ = {isa = PBXFileReference; fileEncoding = 4; lastKnownFileType = text.json; path = movie_loading.json; sourceTree = "<group>"; };
		A80C917421F4BDA6003C2432 /* Assets.xcassets */ = {isa = PBXFileReference; lastKnownFileType = folder.assetcatalog; path = Assets.xcassets; sourceTree = "<group>"; };
		A80C917B21F4BDA6003C2432 /* Enumerations.swift */ = {isa = PBXFileReference; fileEncoding = 4; lastKnownFileType = sourcecode.swift; path = Enumerations.swift; sourceTree = "<group>"; };
		A80C918721F4BDA6003C2432 /* Movie.swift */ = {isa = PBXFileReference; fileEncoding = 4; lastKnownFileType = sourcecode.swift; path = Movie.swift; sourceTree = "<group>"; };
		A80C918A21F4BDA6003C2432 /* AppDelegate.swift */ = {isa = PBXFileReference; fileEncoding = 4; lastKnownFileType = sourcecode.swift; path = AppDelegate.swift; sourceTree = "<group>"; };
		A80C918B21F4BDA6003C2432 /* Info.plist */ = {isa = PBXFileReference; fileEncoding = 4; lastKnownFileType = text.plist.xml; path = Info.plist; sourceTree = "<group>"; };
		A80C91B721F4C045003C2432 /* Pods_TMDB.framework */ = {isa = PBXFileReference; explicitFileType = wrapper.framework; path = Pods_TMDB.framework; sourceTree = BUILT_PRODUCTS_DIR; };
		A831DB0F21F7670800EEF5B5 /* Constants.swift */ = {isa = PBXFileReference; lastKnownFileType = sourcecode.swift; path = Constants.swift; sourceTree = "<group>"; };
		A85EBDD321F4E7CB0012ACFF /* TMDBTests.xctest */ = {isa = PBXFileReference; explicitFileType = wrapper.cfbundle; includeInIndex = 0; path = TMDBTests.xctest; sourceTree = BUILT_PRODUCTS_DIR; };
		A85EBDD721F4E7CB0012ACFF /* Info.plist */ = {isa = PBXFileReference; lastKnownFileType = text.plist.xml; path = Info.plist; sourceTree = "<group>"; };
		A85EBDE121F4E7DC0012ACFF /* TMDBUITests.xctest */ = {isa = PBXFileReference; explicitFileType = wrapper.cfbundle; includeInIndex = 0; path = TMDBUITests.xctest; sourceTree = BUILT_PRODUCTS_DIR; };
		A85EBE0821F4E8B80012ACFF /* TMDBTests-Bridging-Header.h */ = {isa = PBXFileReference; lastKnownFileType = sourcecode.c.h; path = "TMDBTests-Bridging-Header.h"; sourceTree = "<group>"; };
		A85EBE0921F4E8B90012ACFF /* TableViewDataSourceTests.swift */ = {isa = PBXFileReference; fileEncoding = 4; lastKnownFileType = sourcecode.swift; path = TableViewDataSourceTests.swift; sourceTree = "<group>"; };
		A85EBE0E21F4E8B90012ACFF /* TMDBTests-Bridging-Header.h */ = {isa = PBXFileReference; fileEncoding = 4; lastKnownFileType = sourcecode.c.h; path = "TMDBTests-Bridging-Header.h"; sourceTree = "<group>"; };
		A85EBE0F21F4E8B90012ACFF /* URLGeneratorTests.swift */ = {isa = PBXFileReference; fileEncoding = 4; lastKnownFileType = sourcecode.swift; path = URLGeneratorTests.swift; sourceTree = "<group>"; };
		A85EBE1021F4E8B90012ACFF /* MovieTableViewCellTests.swift */ = {isa = PBXFileReference; fileEncoding = 4; lastKnownFileType = sourcecode.swift; path = MovieTableViewCellTests.swift; sourceTree = "<group>"; };
		A85EBE1121F4E8B90012ACFF /* MoviesInteractorTests.swift */ = {isa = PBXFileReference; fileEncoding = 4; lastKnownFileType = sourcecode.swift; path = MoviesInteractorTests.swift; sourceTree = "<group>"; };
		A85EBE1221F4E8B90012ACFF /* MoviesBuilderTests.swift */ = {isa = PBXFileReference; fileEncoding = 4; lastKnownFileType = sourcecode.swift; path = MoviesBuilderTests.swift; sourceTree = "<group>"; };
		A85EBE1321F4E8B90012ACFF /* AppBuilderTests.swift */ = {isa = PBXFileReference; fileEncoding = 4; lastKnownFileType = sourcecode.swift; path = AppBuilderTests.swift; sourceTree = "<group>"; };
		A85EBE1521F4E8BA0012ACFF /* MoviesServiceTests.swift */ = {isa = PBXFileReference; fileEncoding = 4; lastKnownFileType = sourcecode.swift; path = MoviesServiceTests.swift; sourceTree = "<group>"; };
		A85EBE1721F4E8BA0012ACFF /* MoviesPresenterTests.swift */ = {isa = PBXFileReference; fileEncoding = 4; lastKnownFileType = sourcecode.swift; path = MoviesPresenterTests.swift; sourceTree = "<group>"; };
		A8693E9322121F000018CDEB /* MoviesInteractor.swift */ = {isa = PBXFileReference; lastKnownFileType = sourcecode.swift; path = MoviesInteractor.swift; sourceTree = "<group>"; };
		A87D0A3F21E4109E001D62B9 /* TMDB.app */ = {isa = PBXFileReference; explicitFileType = wrapper.application; includeInIndex = 0; path = TMDB.app; sourceTree = BUILT_PRODUCTS_DIR; };
		A88969A9222591490090780C /* MoviesSelectionManager.swift */ = {isa = PBXFileReference; fileEncoding = 4; lastKnownFileType = sourcecode.swift; path = MoviesSelectionManager.swift; sourceTree = "<group>"; };
		A88969AB2225956E0090780C /* MoviesTableViewController+DataSource.swift */ = {isa = PBXFileReference; lastKnownFileType = sourcecode.swift; path = "MoviesTableViewController+DataSource.swift"; sourceTree = "<group>"; };
		A88D3399262F677500723C7D /* MovieDetailViewController.swift */ = {isa = PBXFileReference; lastKnownFileType = sourcecode.swift; path = MovieDetailViewController.swift; sourceTree = "<group>"; };
		A88D33A5262F6F4100723C7D /* MovieDetailViewController.xib */ = {isa = PBXFileReference; fileEncoding = 4; lastKnownFileType = file.xib; path = MovieDetailViewController.xib; sourceTree = "<group>"; };
		A8DB9E052256CDC200577BA1 /* MoviesDataUrl.swift */ = {isa = PBXFileReference; fileEncoding = 4; lastKnownFileType = sourcecode.swift; path = MoviesDataUrl.swift; sourceTree = "<group>"; };
		A8DB9E062256CDC200577BA1 /* MoviesImageUrl.swift */ = {isa = PBXFileReference; fileEncoding = 4; lastKnownFileType = sourcecode.swift; path = MoviesImageUrl.swift; sourceTree = "<group>"; };
		A8DB9E072256CDC200577BA1 /* MoviesService.swift */ = {isa = PBXFileReference; fileEncoding = 4; lastKnownFileType = sourcecode.swift; path = MoviesService.swift; sourceTree = "<group>"; };
		A8DE79942204B403004F0C1F /* SplashBuilderTests.swift */ = {isa = PBXFileReference; lastKnownFileType = sourcecode.swift; path = SplashBuilderTests.swift; sourceTree = "<group>"; };
		A8F4D33129996F4A00913B52 /* Constants.swift */ = {isa = PBXFileReference; lastKnownFileType = sourcecode.swift; path = Constants.swift; sourceTree = "<group>"; };
		A8F4D33229996F4A00913B52 /* UITableView+ScrollToTop.swift */ = {isa = PBXFileReference; lastKnownFileType = sourcecode.swift; path = "UITableView+ScrollToTop.swift"; sourceTree = "<group>"; };
		A8F4D33329996F4A00913B52 /* DeviceOrientation.swift */ = {isa = PBXFileReference; lastKnownFileType = sourcecode.swift; path = DeviceOrientation.swift; sourceTree = "<group>"; };
		A8F4D33429996F4A00913B52 /* DispatchingQueues.swift */ = {isa = PBXFileReference; lastKnownFileType = sourcecode.swift; path = DispatchingQueues.swift; sourceTree = "<group>"; };
		A8F4D33529996F4A00913B52 /* CollectionViewDataSource.swift */ = {isa = PBXFileReference; lastKnownFileType = sourcecode.swift; path = CollectionViewDataSource.swift; sourceTree = "<group>"; };
		A8F4D33629996F4A00913B52 /* Service.swift */ = {isa = PBXFileReference; lastKnownFileType = sourcecode.swift; path = Service.swift; sourceTree = "<group>"; };
		A8F4D33729996F4A00913B52 /* URLProtocolStub.swift */ = {isa = PBXFileReference; lastKnownFileType = sourcecode.swift; path = URLProtocolStub.swift; sourceTree = "<group>"; };
		A8F4D33829996F4A00913B52 /* TableViewDataSource.swift */ = {isa = PBXFileReference; lastKnownFileType = sourcecode.swift; path = TableViewDataSource.swift; sourceTree = "<group>"; };
		A8F4D33929996F4A00913B52 /* Assets.xcassets */ = {isa = PBXFileReference; lastKnownFileType = folder.assetcatalog; path = Assets.xcassets; sourceTree = "<group>"; };
		A8F4D33A29996F4A00913B52 /* Interactor.swift */ = {isa = PBXFileReference; lastKnownFileType = sourcecode.swift; path = Interactor.swift; sourceTree = "<group>"; };
		A8F4D33B29996F4A00913B52 /* Enumerations.swift */ = {isa = PBXFileReference; lastKnownFileType = sourcecode.swift; path = Enumerations.swift; sourceTree = "<group>"; };
		A8F4D33C29996F4A00913B52 /* LocalStore.swift */ = {isa = PBXFileReference; lastKnownFileType = sourcecode.swift; path = LocalStore.swift; sourceTree = "<group>"; };
		A8F4D33D29996F4A00913B52 /* TiguerAssets.xcassets */ = {isa = PBXFileReference; lastKnownFileType = folder.assetcatalog; path = TiguerAssets.xcassets; sourceTree = "<group>"; };
		A8F4D33E29996F4A00913B52 /* RemoteStore.swift */ = {isa = PBXFileReference; lastKnownFileType = sourcecode.swift; path = RemoteStore.swift; sourceTree = "<group>"; };
		A8F4D33F29996F4A00913B52 /* UserDefaults+Storage.swift */ = {isa = PBXFileReference; lastKnownFileType = sourcecode.swift; path = "UserDefaults+Storage.swift"; sourceTree = "<group>"; };
		A8F4D34029996F4A00913B52 /* Presenter.swift */ = {isa = PBXFileReference; lastKnownFileType = sourcecode.swift; path = Presenter.swift; sourceTree = "<group>"; };
		A8F4D34129996F4A00913B52 /* DynamicValue.swift */ = {isa = PBXFileReference; lastKnownFileType = sourcecode.swift; path = DynamicValue.swift; sourceTree = "<group>"; };
		A8F4D34229996F4A00913B52 /* Structs.swift */ = {isa = PBXFileReference; lastKnownFileType = sourcecode.swift; path = Structs.swift; sourceTree = "<group>"; };
		A8F4D34329996F4A00913B52 /* Protocols.swift */ = {isa = PBXFileReference; lastKnownFileType = sourcecode.swift; path = Protocols.swift; sourceTree = "<group>"; };
		A8F4D34429996F4A00913B52 /* Test.storyboard */ = {isa = PBXFileReference; lastKnownFileType = file.storyboard; path = Test.storyboard; sourceTree = "<group>"; };
		A8F4D34529996F4A00913B52 /* Cache.swift */ = {isa = PBXFileReference; lastKnownFileType = sourcecode.swift; path = Cache.swift; sourceTree = "<group>"; };
		A8F4D34629996F4A00913B52 /* SelectionManager.swift */ = {isa = PBXFileReference; lastKnownFileType = sourcecode.swift; path = SelectionManager.swift; sourceTree = "<group>"; };
		A8F4D34729996F4A00913B52 /* UIViewController+AddRemove.swift */ = {isa = PBXFileReference; lastKnownFileType = sourcecode.swift; path = "UIViewController+AddRemove.swift"; sourceTree = "<group>"; };
		A8F4D34829996F4A00913B52 /* DataAdapter.swift */ = {isa = PBXFileReference; lastKnownFileType = sourcecode.swift; path = DataAdapter.swift; sourceTree = "<group>"; };
		A8F4D34929996F4A00913B52 /* StoryboardFactory.swift */ = {isa = PBXFileReference; lastKnownFileType = sourcecode.swift; path = StoryboardFactory.swift; sourceTree = "<group>"; };
		A8F4D34A29996F4A00913B52 /* TestModels.swift */ = {isa = PBXFileReference; lastKnownFileType = sourcecode.swift; path = TestModels.swift; sourceTree = "<group>"; };
		A8F4D34B29996F4A00913B52 /* LoadingViewController.swift */ = {isa = PBXFileReference; lastKnownFileType = sourcecode.swift; path = LoadingViewController.swift; sourceTree = "<group>"; };
		A8F4D34E29996F4B00913B52 /* RemoteStoreTests.swift */ = {isa = PBXFileReference; lastKnownFileType = sourcecode.swift; path = RemoteStoreTests.swift; sourceTree = "<group>"; };
		A8F4D34F29996F4B00913B52 /* CacheTests.swift */ = {isa = PBXFileReference; lastKnownFileType = sourcecode.swift; path = CacheTests.swift; sourceTree = "<group>"; };
		A8F4D35029996F4B00913B52 /* DispatchingQueuesTests.swift */ = {isa = PBXFileReference; lastKnownFileType = sourcecode.swift; path = DispatchingQueuesTests.swift; sourceTree = "<group>"; };
		A8F4D35129996F4B00913B52 /* DynamicValueTests.swift */ = {isa = PBXFileReference; lastKnownFileType = sourcecode.swift; path = DynamicValueTests.swift; sourceTree = "<group>"; };
		A8F4D35229996F4B00913B52 /* DataAdapterTests.swift */ = {isa = PBXFileReference; lastKnownFileType = sourcecode.swift; path = DataAdapterTests.swift; sourceTree = "<group>"; };
		A8F4D35329996F4B00913B52 /* PresenterTests.swift */ = {isa = PBXFileReference; lastKnownFileType = sourcecode.swift; path = PresenterTests.swift; sourceTree = "<group>"; };
		A8F4D35429996F4B00913B52 /* LocalStoreTests.swift */ = {isa = PBXFileReference; lastKnownFileType = sourcecode.swift; path = LocalStoreTests.swift; sourceTree = "<group>"; };
		A8F4D35529996F4B00913B52 /* InteractorTests.swift */ = {isa = PBXFileReference; lastKnownFileType = sourcecode.swift; path = InteractorTests.swift; sourceTree = "<group>"; };
		A8F4D35629996F4B00913B52 /* SelectionManagerTests.swift */ = {isa = PBXFileReference; lastKnownFileType = sourcecode.swift; path = SelectionManagerTests.swift; sourceTree = "<group>"; };
		A8F4D35729996F4B00913B52 /* README.md */ = {isa = PBXFileReference; lastKnownFileType = net.daringfireball.markdown; name = README.md; path = ../Tiguer/README.md; sourceTree = "<group>"; };
		A8F4D35829996F4B00913B52 /* Package.resolved */ = {isa = PBXFileReference; lastKnownFileType = text; name = Package.resolved; path = ../Tiguer/Package.resolved; sourceTree = "<group>"; };
		A8F4D35929996F4B00913B52 /* Package.swift */ = {isa = PBXFileReference; lastKnownFileType = sourcecode.swift; name = Package.swift; path = ../Tiguer/Package.swift; sourceTree = "<group>"; };
		BC531E53F170996E86EF9B6E /* Pods-TMDBTests.release.xcconfig */ = {isa = PBXFileReference; includeInIndex = 1; lastKnownFileType = text.xcconfig; name = "Pods-TMDBTests.release.xcconfig"; path = "Pods/Target Support Files/Pods-TMDBTests/Pods-TMDBTests.release.xcconfig"; sourceTree = "<group>"; };
		F90662A85AE308DED5F9E276 /* Pods-TMDB.release.xcconfig */ = {isa = PBXFileReference; includeInIndex = 1; lastKnownFileType = text.xcconfig; name = "Pods-TMDB.release.xcconfig"; path = "Pods/Target Support Files/Pods-TMDB/Pods-TMDB.release.xcconfig"; sourceTree = "<group>"; };
/* End PBXFileReference section */

/* Begin PBXFrameworksBuildPhase section */
		A85EBDD021F4E7CB0012ACFF /* Frameworks */ = {
			isa = PBXFrameworksBuildPhase;
			buildActionMask = 2147483647;
			files = (
				4C9AAD7A5233C44D756186BF /* Pods_TMDBTests.framework in Frameworks */,
			);
			runOnlyForDeploymentPostprocessing = 0;
		};
		A85EBDDE21F4E7DC0012ACFF /* Frameworks */ = {
			isa = PBXFrameworksBuildPhase;
			buildActionMask = 2147483647;
			files = (
			);
			runOnlyForDeploymentPostprocessing = 0;
		};
		A87D0A3C21E4109E001D62B9 /* Frameworks */ = {
			isa = PBXFrameworksBuildPhase;
			buildActionMask = 2147483647;
			files = (
				A86988A2299E703E00A1F76B /* Tiguer in Frameworks */,
				A890399329622BEA003973B3 /* Promis in Frameworks */,
				A8295E3F2960EA4800722A15 /* Kingfisher in Frameworks */,
				A8295E3C2960E66F00722A15 /* Unbox in Frameworks */,
				664BEEF8E799909781D8214B /* Pods_TMDB.framework in Frameworks */,
				40E9DF6E398018572B0678F3 /* Pods_TMDB.framework in Frameworks */,
			);
			runOnlyForDeploymentPostprocessing = 0;
		};
/* End PBXFrameworksBuildPhase section */

/* Begin PBXGroup section */
		A80C915021F4BDA6003C2432 /* TMDB */ = {
			isa = PBXGroup;
			children = (
				A80C918A21F4BDA6003C2432 /* AppDelegate.swift */,
				A80C918B21F4BDA6003C2432 /* Info.plist */,
				A80C917421F4BDA6003C2432 /* Assets.xcassets */,
				A80C916B21F4BDA6003C2432 /* App */,
				A80C915121F4BDA6003C2432 /* Scenes */,
				A80C917521F4BDA6003C2432 /* Shared */,
				A80C918621F4BDA6003C2432 /* Models */,
				A831DB0E21F766F100EEF5B5 /* Lib */,
				A80C917021F4BDA6003C2432 /* Resources */,
			);
			path = TMDB;
			sourceTree = "<group>";
		};
		A80C915121F4BDA6003C2432 /* Scenes */ = {
			isa = PBXGroup;
			children = (
				A80C915221F4BDA6003C2432 /* Splash */,
				A80C915721F4BDA6003C2432 /* Movies */,
			);
			path = Scenes;
			sourceTree = "<group>";
		};
		A80C915221F4BDA6003C2432 /* Splash */ = {
			isa = PBXGroup;
			children = (
				A80C915321F4BDA6003C2432 /* SplashBuilder.swift */,
				A80C915421F4BDA6003C2432 /* Views */,
			);
			path = Splash;
			sourceTree = "<group>";
		};
		A80C915421F4BDA6003C2432 /* Views */ = {
			isa = PBXGroup;
			children = (
				A80C915521F4BDA6003C2432 /* SplashViewController.swift */,
				A80C915621F4BDA6003C2432 /* Splash.storyboard */,
			);
			path = Views;
			sourceTree = "<group>";
		};
		A80C915721F4BDA6003C2432 /* Movies */ = {
			isa = PBXGroup;
			children = (
				A80C916A21F4BDA6003C2432 /* MoviesBuilder.swift */,
				A8DB9E042256CDC200577BA1 /* DataLayer */,
				A80C915C21F4BDA6003C2432 /* ApplicationLayer */,
				A80C916121F4BDA6003C2432 /* View */,
			);
			path = Movies;
			sourceTree = "<group>";
		};
		A80C915C21F4BDA6003C2432 /* ApplicationLayer */ = {
			isa = PBXGroup;
			children = (
				A80C915F21F4BDA6003C2432 /* MovieViewModel.swift */,
				A8693E9322121F000018CDEB /* MoviesInteractor.swift */,
				A80C915D21F4BDA6003C2432 /* MoviesPresenter.swift */,
				A88969A9222591490090780C /* MoviesSelectionManager.swift */,
			);
			path = ApplicationLayer;
			sourceTree = "<group>";
		};
		A80C916121F4BDA6003C2432 /* View */ = {
			isa = PBXGroup;
			children = (
				A80C916321F4BDA6003C2432 /* MoviesViewController.swift */,
				A80C916721F4BDA6003C2432 /* MoviesViewController+Filter.swift */,
				A80C916421F4BDA6003C2432 /* MoviesViewController+Sort.swift */,
				A80C916821F4BDA6003C2432 /* MoviesViewController.xib */,
				A80C916521F4BDA6003C2432 /* MoviesTableViewController.swift */,
				A88969AB2225956E0090780C /* MoviesTableViewController+DataSource.swift */,
				A80C916621F4BDA6003C2432 /* MoviesTableViewController.xib */,
				A80C916921F4BDA6003C2432 /* MovieTableViewCell.swift */,
				A80C916221F4BDA6003C2432 /* MovieTableViewCell.xib */,
				A88D3399262F677500723C7D /* MovieDetailViewController.swift */,
				A88D33A5262F6F4100723C7D /* MovieDetailViewController.xib */,
			);
			path = View;
			sourceTree = "<group>";
		};
		A80C916B21F4BDA6003C2432 /* App */ = {
			isa = PBXGroup;
			children = (
				A80C916C21F4BDA6003C2432 /* AppBuilder.swift */,
				A80C916D21F4BDA6003C2432 /* LaunchScreen.storyboard */,
			);
			path = App;
			sourceTree = "<group>";
		};
		A80C917021F4BDA6003C2432 /* Resources */ = {
			isa = PBXGroup;
			children = (
				A80C917121F4BDA6003C2432 /* moviesJson.json */,
				A80C917221F4BDA6003C2432 /* movie_loading.json */,
			);
			path = Resources;
			sourceTree = "<group>";
		};
		A80C917521F4BDA6003C2432 /* Shared */ = {
			isa = PBXGroup;
			children = (
				A80C917B21F4BDA6003C2432 /* Enumerations.swift */,
			);
			path = Shared;
			sourceTree = "<group>";
		};
		A80C918621F4BDA6003C2432 /* Models */ = {
			isa = PBXGroup;
			children = (
				A80C918721F4BDA6003C2432 /* Movie.swift */,
			);
			path = Models;
			sourceTree = "<group>";
		};
		A831DB0E21F766F100EEF5B5 /* Lib */ = {
			isa = PBXGroup;
			children = (
				A831DB0F21F7670800EEF5B5 /* Constants.swift */,
			);
			path = Lib;
			sourceTree = "<group>";
		};
		A85EBDD421F4E7CB0012ACFF /* TMDBTests */ = {
			isa = PBXGroup;
			children = (
				A85EBE1321F4E8B90012ACFF /* AppBuilderTests.swift */,
				A85EBE1221F4E8B90012ACFF /* MoviesBuilderTests.swift */,
				A85EBE1121F4E8B90012ACFF /* MoviesInteractorTests.swift */,
				A85EBE1721F4E8BA0012ACFF /* MoviesPresenterTests.swift */,
				A85EBE1521F4E8BA0012ACFF /* MoviesServiceTests.swift */,
				A85EBE1021F4E8B90012ACFF /* MovieTableViewCellTests.swift */,
				A85EBE0921F4E8B90012ACFF /* TableViewDataSourceTests.swift */,
				A85EBE0E21F4E8B90012ACFF /* TMDBTests-Bridging-Header.h */,
				A85EBE0F21F4E8B90012ACFF /* URLGeneratorTests.swift */,
				A85EBDD721F4E7CB0012ACFF /* Info.plist */,
				A85EBE0821F4E8B80012ACFF /* TMDBTests-Bridging-Header.h */,
				A8DE79942204B403004F0C1F /* SplashBuilderTests.swift */,
			);
			path = TMDBTests;
			sourceTree = "<group>";
		};
		A87D0A3621E4109E001D62B9 = {
			isa = PBXGroup;
			children = (
				A80C915021F4BDA6003C2432 /* TMDB */,
				A85EBDD421F4E7CB0012ACFF /* TMDBTests */,
				A87D0A4021E4109E001D62B9 /* Products */,
				A8C0B8A1296261620075B722 /* Packages */,
				B9C4A0AAA04BDFC2C35D9F22 /* Pods */,
				FA6439B7EF21A54C80E8B721 /* Frameworks */,
			);
			sourceTree = "<group>";
		};
		A87D0A4021E4109E001D62B9 /* Products */ = {
			isa = PBXGroup;
			children = (
				A87D0A3F21E4109E001D62B9 /* TMDB.app */,
				A85EBDD321F4E7CB0012ACFF /* TMDBTests.xctest */,
				A85EBDE121F4E7DC0012ACFF /* TMDBUITests.xctest */,
			);
			name = Products;
			sourceTree = "<group>";
		};
		A8C0B8A1296261620075B722 /* Packages */ = {
			isa = PBXGroup;
			children = (
			);
			name = Packages;
			sourceTree = "<group>";
		};
		A8DB9E042256CDC200577BA1 /* DataLayer */ = {
			isa = PBXGroup;
			children = (
				A8DB9E052256CDC200577BA1 /* MoviesDataUrl.swift */,
				A8DB9E062256CDC200577BA1 /* MoviesImageUrl.swift */,
				A8DB9E072256CDC200577BA1 /* MoviesService.swift */,
			);
			path = DataLayer;
			sourceTree = "<group>";
		};
		A8F4D32F29996F4A00913B52 /* Sources */ = {
			isa = PBXGroup;
			children = (
				A8F4D33029996F4A00913B52 /* Tiguer */,
			);
			name = Sources;
			path = ../Tiguer/Sources;
			sourceTree = "<group>";
		};
		A8F4D33029996F4A00913B52 /* Tiguer */ = {
			isa = PBXGroup;
			children = (
				A8F4D33129996F4A00913B52 /* Constants.swift */,
				A8F4D33229996F4A00913B52 /* UITableView+ScrollToTop.swift */,
				A8F4D33329996F4A00913B52 /* DeviceOrientation.swift */,
				A8F4D33429996F4A00913B52 /* DispatchingQueues.swift */,
				A8F4D33529996F4A00913B52 /* CollectionViewDataSource.swift */,
				A8F4D33629996F4A00913B52 /* Service.swift */,
				A8F4D33729996F4A00913B52 /* URLProtocolStub.swift */,
				A8F4D33829996F4A00913B52 /* TableViewDataSource.swift */,
				A8F4D33929996F4A00913B52 /* Assets.xcassets */,
				A8F4D33A29996F4A00913B52 /* Interactor.swift */,
				A8F4D33B29996F4A00913B52 /* Enumerations.swift */,
				A8F4D33C29996F4A00913B52 /* LocalStore.swift */,
				A8F4D33D29996F4A00913B52 /* TiguerAssets.xcassets */,
				A8F4D33E29996F4A00913B52 /* RemoteStore.swift */,
				A8F4D33F29996F4A00913B52 /* UserDefaults+Storage.swift */,
				A8F4D34029996F4A00913B52 /* Presenter.swift */,
				A8F4D34129996F4A00913B52 /* DynamicValue.swift */,
				A8F4D34229996F4A00913B52 /* Structs.swift */,
				A8F4D34329996F4A00913B52 /* Protocols.swift */,
				A8F4D34429996F4A00913B52 /* Test.storyboard */,
				A8F4D34529996F4A00913B52 /* Cache.swift */,
				A8F4D34629996F4A00913B52 /* SelectionManager.swift */,
				A8F4D34729996F4A00913B52 /* UIViewController+AddRemove.swift */,
				A8F4D34829996F4A00913B52 /* DataAdapter.swift */,
				A8F4D34929996F4A00913B52 /* StoryboardFactory.swift */,
				A8F4D34A29996F4A00913B52 /* TestModels.swift */,
				A8F4D34B29996F4A00913B52 /* LoadingViewController.swift */,
			);
			path = Tiguer;
			sourceTree = "<group>";
		};
		A8F4D34C29996F4B00913B52 /* Tests */ = {
			isa = PBXGroup;
			children = (
				A8F4D34D29996F4B00913B52 /* TiguerTests */,
			);
			name = Tests;
			path = ../Tiguer/Tests;
			sourceTree = "<group>";
		};
		A8F4D34D29996F4B00913B52 /* TiguerTests */ = {
			isa = PBXGroup;
			children = (
				A8F4D34E29996F4B00913B52 /* RemoteStoreTests.swift */,
				A8F4D34F29996F4B00913B52 /* CacheTests.swift */,
				A8F4D35029996F4B00913B52 /* DispatchingQueuesTests.swift */,
				A8F4D35129996F4B00913B52 /* DynamicValueTests.swift */,
				A8F4D35229996F4B00913B52 /* DataAdapterTests.swift */,
				A8F4D35329996F4B00913B52 /* PresenterTests.swift */,
				A8F4D35429996F4B00913B52 /* LocalStoreTests.swift */,
				A8F4D35529996F4B00913B52 /* InteractorTests.swift */,
				A8F4D35629996F4B00913B52 /* SelectionManagerTests.swift */,
			);
			path = TiguerTests;
			sourceTree = "<group>";
		};
		B9C4A0AAA04BDFC2C35D9F22 /* Pods */ = {
			isa = PBXGroup;
			children = (
				5B3E20ABB866B8DF27C67D09 /* Pods-TMDB.debug.xcconfig */,
				F90662A85AE308DED5F9E276 /* Pods-TMDB.release.xcconfig */,
				360D73DB2D9AAB07E8DA70E6 /* Pods-TMDBTests.debug.xcconfig */,
				BC531E53F170996E86EF9B6E /* Pods-TMDBTests.release.xcconfig */,
			);
			name = Pods;
			sourceTree = "<group>";
		};
		FA6439B7EF21A54C80E8B721 /* Frameworks */ = {
			isa = PBXGroup;
			children = (
				A8F4D35829996F4B00913B52 /* Package.resolved */,
				A8F4D35929996F4B00913B52 /* Package.swift */,
				A8F4D35729996F4B00913B52 /* README.md */,
				A8F4D32F29996F4A00913B52 /* Sources */,
				A8F4D34C29996F4B00913B52 /* Tests */,
				A80C91B721F4C045003C2432 /* Pods_TMDB.framework */,
				5B776AAE85E2BDBEEA657099 /* Pods_TMDB.framework */,
				5DF87FE775338476A96C567B /* Pods_TMDBTests.framework */,
			);
			name = Frameworks;
			sourceTree = "<group>";
		};
/* End PBXGroup section */

/* Begin PBXNativeTarget section */
		A85EBDD221F4E7CB0012ACFF /* TMDBTests */ = {
			isa = PBXNativeTarget;
			buildConfigurationList = A85EBDDA21F4E7CB0012ACFF /* Build configuration list for PBXNativeTarget "TMDBTests" */;
			buildPhases = (
				A6BB687B18F6226AB34E7985 /* [CP] Check Pods Manifest.lock */,
				A85EBDCF21F4E7CB0012ACFF /* Sources */,
				A85EBDD021F4E7CB0012ACFF /* Frameworks */,
				A85EBDD121F4E7CB0012ACFF /* Resources */,
			);
			buildRules = (
			);
			dependencies = (
				A85EBDD921F4E7CB0012ACFF /* PBXTargetDependency */,
			);
			name = TMDBTests;
			productName = TMDBTests;
			productReference = A85EBDD321F4E7CB0012ACFF /* TMDBTests.xctest */;
			productType = "com.apple.product-type.bundle.unit-test";
		};
		A85EBDE021F4E7DC0012ACFF /* TMDBUITests */ = {
			isa = PBXNativeTarget;
			buildConfigurationList = A85EBDE821F4E7DC0012ACFF /* Build configuration list for PBXNativeTarget "TMDBUITests" */;
			buildPhases = (
				A85EBDDD21F4E7DC0012ACFF /* Sources */,
				A85EBDDE21F4E7DC0012ACFF /* Frameworks */,
				A85EBDDF21F4E7DC0012ACFF /* Resources */,
			);
			buildRules = (
			);
			dependencies = (
				A85EBDE721F4E7DC0012ACFF /* PBXTargetDependency */,
			);
			name = TMDBUITests;
			productName = TMDBUITests;
			productReference = A85EBDE121F4E7DC0012ACFF /* TMDBUITests.xctest */;
			productType = "com.apple.product-type.bundle.ui-testing";
		};
		A87D0A3E21E4109E001D62B9 /* TMDB */ = {
			isa = PBXNativeTarget;
			buildConfigurationList = A87D0A6721E410A0001D62B9 /* Build configuration list for PBXNativeTarget "TMDB" */;
			buildPhases = (
				012D0F6802367462F6B36187 /* [CP] Check Pods Manifest.lock */,
				A87D0A3B21E4109E001D62B9 /* Sources */,
				A87D0A3C21E4109E001D62B9 /* Frameworks */,
				A87D0A3D21E4109E001D62B9 /* Resources */,
				A87D0AC821E416BE001D62B9 /* SwiftLint */,
				BE5147A351A9360537679076 /* [CP] Embed Pods Frameworks */,
			);
			buildRules = (
			);
			dependencies = (
				A8C0B8A62962670F0075B722 /* PBXTargetDependency */,
			);
			name = TMDB;
			packageProductDependencies = (
				A8295E3B2960E66F00722A15 /* Unbox */,
				A8295E3E2960EA4800722A15 /* Kingfisher */,
				A890399229622BEA003973B3 /* Promis */,
				A86988A1299E703E00A1F76B /* Tiguer */,
			);
			productName = Tally;
			productReference = A87D0A3F21E4109E001D62B9 /* TMDB.app */;
			productType = "com.apple.product-type.application";
		};
/* End PBXNativeTarget section */

/* Begin PBXProject section */
		A87D0A3721E4109E001D62B9 /* Project object */ = {
			isa = PBXProject;
			attributes = {
				LastSwiftUpdateCheck = 1010;
				LastUpgradeCheck = 1200;
				ORGANIZATIONNAME = tiguer;
				TargetAttributes = {
					A85EBDD221F4E7CB0012ACFF = {
						CreatedOnToolsVersion = 10.1;
						LastSwiftMigration = 1020;
						TestTargetID = A87D0A3E21E4109E001D62B9;
					};
					A85EBDE021F4E7DC0012ACFF = {
						CreatedOnToolsVersion = 10.1;
						LastSwiftMigration = 1020;
						TestTargetID = A87D0A3E21E4109E001D62B9;
					};
					A87D0A3E21E4109E001D62B9 = {
						CreatedOnToolsVersion = 10.1;
						LastSwiftMigration = 1020;
					};
				};
			};
			buildConfigurationList = A87D0A3A21E4109E001D62B9 /* Build configuration list for PBXProject "TMDB" */;
			compatibilityVersion = "Xcode 9.3";
			developmentRegion = en;
			hasScannedForEncodings = 0;
			knownRegions = (
				en,
				Base,
			);
			mainGroup = A87D0A3621E4109E001D62B9;
			packageReferences = (
				A8295E3A2960E66F00722A15 /* XCRemoteSwiftPackageReference "Unbox" */,
				A8295E3D2960EA4800722A15 /* XCRemoteSwiftPackageReference "Kingfisher" */,
				A890399129622BEA003973B3 /* XCRemoteSwiftPackageReference "Promis" */,
				A86988A0299E703D00A1F76B /* XCRemoteSwiftPackageReference "Tiguer" */,
			);
			productRefGroup = A87D0A4021E4109E001D62B9 /* Products */;
			projectDirPath = "";
			projectRoot = "";
			targets = (
				A87D0A3E21E4109E001D62B9 /* TMDB */,
				A85EBDD221F4E7CB0012ACFF /* TMDBTests */,
				A85EBDE021F4E7DC0012ACFF /* TMDBUITests */,
			);
		};
/* End PBXProject section */

/* Begin PBXResourcesBuildPhase section */
		A85EBDD121F4E7CB0012ACFF /* Resources */ = {
			isa = PBXResourcesBuildPhase;
			buildActionMask = 2147483647;
			files = (
				A88D33A7262F6F4100723C7D /* MovieDetailViewController.xib in Resources */,
			);
			runOnlyForDeploymentPostprocessing = 0;
		};
		A85EBDDF21F4E7DC0012ACFF /* Resources */ = {
			isa = PBXResourcesBuildPhase;
			buildActionMask = 2147483647;
			files = (
			);
			runOnlyForDeploymentPostprocessing = 0;
		};
		A87D0A3D21E4109E001D62B9 /* Resources */ = {
			isa = PBXResourcesBuildPhase;
			buildActionMask = 2147483647;
			files = (
				A88D33A6262F6F4100723C7D /* MovieDetailViewController.xib in Resources */,
				A80C919C21F4BDA6003C2432 /* MoviesViewController.xib in Resources */,
				A80C91A521F4BDA6003C2432 /* Assets.xcassets in Resources */,
				A80C91A021F4BDA6003C2432 /* LaunchScreen.storyboard in Resources */,
				A80C91A221F4BDA6003C2432 /* moviesJson.json in Resources */,
				A80C919621F4BDA6003C2432 /* MovieTableViewCell.xib in Resources */,
				A80C91A321F4BDA6003C2432 /* movie_loading.json in Resources */,
				A80C918E21F4BDA6003C2432 /* Splash.storyboard in Resources */,
				A80C919A21F4BDA6003C2432 /* MoviesTableViewController.xib in Resources */,
			);
			runOnlyForDeploymentPostprocessing = 0;
		};
/* End PBXResourcesBuildPhase section */

/* Begin PBXShellScriptBuildPhase section */
		012D0F6802367462F6B36187 /* [CP] Check Pods Manifest.lock */ = {
			isa = PBXShellScriptBuildPhase;
			buildActionMask = 2147483647;
			files = (
			);
			inputPaths = (
				"${PODS_PODFILE_DIR_PATH}/Podfile.lock",
				"${PODS_ROOT}/Manifest.lock",
			);
			name = "[CP] Check Pods Manifest.lock";
			outputPaths = (
				"$(DERIVED_FILE_DIR)/Pods-TMDB-checkManifestLockResult.txt",
			);
			runOnlyForDeploymentPostprocessing = 0;
			shellPath = /bin/sh;
			shellScript = "diff \"${PODS_PODFILE_DIR_PATH}/Podfile.lock\" \"${PODS_ROOT}/Manifest.lock\" > /dev/null\nif [ $? != 0 ] ; then\n    # print error to STDERR\n    echo \"error: The sandbox is not in sync with the Podfile.lock. Run 'pod install' or update your CocoaPods installation.\" >&2\n    exit 1\nfi\n# This output is used by Xcode 'outputs' to avoid re-running this script phase.\necho \"SUCCESS\" > \"${SCRIPT_OUTPUT_FILE_0}\"\n";
			showEnvVarsInLog = 0;
		};
		A6BB687B18F6226AB34E7985 /* [CP] Check Pods Manifest.lock */ = {
			isa = PBXShellScriptBuildPhase;
			buildActionMask = 2147483647;
			files = (
			);
			inputPaths = (
				"${PODS_PODFILE_DIR_PATH}/Podfile.lock",
				"${PODS_ROOT}/Manifest.lock",
			);
			name = "[CP] Check Pods Manifest.lock";
			outputPaths = (
				"$(DERIVED_FILE_DIR)/Pods-TMDBTests-checkManifestLockResult.txt",
			);
			runOnlyForDeploymentPostprocessing = 0;
			shellPath = /bin/sh;
			shellScript = "diff \"${PODS_PODFILE_DIR_PATH}/Podfile.lock\" \"${PODS_ROOT}/Manifest.lock\" > /dev/null\nif [ $? != 0 ] ; then\n    # print error to STDERR\n    echo \"error: The sandbox is not in sync with the Podfile.lock. Run 'pod install' or update your CocoaPods installation.\" >&2\n    exit 1\nfi\n# This output is used by Xcode 'outputs' to avoid re-running this script phase.\necho \"SUCCESS\" > \"${SCRIPT_OUTPUT_FILE_0}\"\n";
			showEnvVarsInLog = 0;
		};
		A87D0AC821E416BE001D62B9 /* SwiftLint */ = {
			isa = PBXShellScriptBuildPhase;
			buildActionMask = 2147483647;
			files = (
			);
			inputPaths = (
			);
			name = SwiftLint;
			outputPaths = (
			);
			runOnlyForDeploymentPostprocessing = 0;
			shellPath = /bin/sh;
			shellScript = "if which swiftlint >/dev/null; then\n    swiftlint\nelse\n    echo \"warning: SwiftLint not installed, download from https://github.com/realm/SwiftLint\"\nfi\n";
		};
		BE5147A351A9360537679076 /* [CP] Embed Pods Frameworks */ = {
			isa = PBXShellScriptBuildPhase;
			buildActionMask = 2147483647;
			files = (
			);
			inputFileListPaths = (
				"${PODS_ROOT}/Target Support Files/Pods-TMDB/Pods-TMDB-frameworks-${CONFIGURATION}-input-files.xcfilelist",
			);
			name = "[CP] Embed Pods Frameworks";
			outputFileListPaths = (
				"${PODS_ROOT}/Target Support Files/Pods-TMDB/Pods-TMDB-frameworks-${CONFIGURATION}-output-files.xcfilelist",
			);
			runOnlyForDeploymentPostprocessing = 0;
			shellPath = /bin/sh;
			shellScript = "\"${PODS_ROOT}/Target Support Files/Pods-TMDB/Pods-TMDB-frameworks.sh\"\n";
			showEnvVarsInLog = 0;
		};
/* End PBXShellScriptBuildPhase section */

/* Begin PBXSourcesBuildPhase section */
		A85EBDCF21F4E7CB0012ACFF /* Sources */ = {
			isa = PBXSourcesBuildPhase;
			buildActionMask = 2147483647;
			files = (
				A85EBE2621F4E8BA0012ACFF /* MoviesPresenterTests.swift in Sources */,
				A8DE79952204B403004F0C1F /* SplashBuilderTests.swift in Sources */,
				A85EBE2221F4E8BA0012ACFF /* AppBuilderTests.swift in Sources */,
				A85EBE1E21F4E8BA0012ACFF /* URLGeneratorTests.swift in Sources */,
				A85EBE2121F4E8BA0012ACFF /* MoviesBuilderTests.swift in Sources */,
				A85EBE1F21F4E8BA0012ACFF /* MovieTableViewCellTests.swift in Sources */,
				A85EBE1921F4E8BA0012ACFF /* TableViewDataSourceTests.swift in Sources */,
				A85EBE2421F4E8BA0012ACFF /* MoviesServiceTests.swift in Sources */,
				A85EBE2021F4E8BA0012ACFF /* MoviesInteractorTests.swift in Sources */,
			);
			runOnlyForDeploymentPostprocessing = 0;
		};
		A85EBDDD21F4E7DC0012ACFF /* Sources */ = {
			isa = PBXSourcesBuildPhase;
			buildActionMask = 2147483647;
			files = (
			);
			runOnlyForDeploymentPostprocessing = 0;
		};
		A87D0A3B21E4109E001D62B9 /* Sources */ = {
			isa = PBXSourcesBuildPhase;
			buildActionMask = 2147483647;
			files = (
				A80C91B521F4BDA6003C2432 /* AppDelegate.swift in Sources */,
				A831DB1021F7670800EEF5B5 /* Constants.swift in Sources */,
				A80C919D21F4BDA6003C2432 /* MovieTableViewCell.swift in Sources */,
				A88D339A262F677500723C7D /* MovieDetailViewController.swift in Sources */,
				A88969AA2225914A0090780C /* MoviesSelectionManager.swift in Sources */,
				A8693E9422121F000018CDEB /* MoviesInteractor.swift in Sources */,
				A80C918C21F4BDA6003C2432 /* SplashBuilder.swift in Sources */,
				A80C919221F4BDA6003C2432 /* MoviesPresenter.swift in Sources */,
				A8DB9E0A2256CDC200577BA1 /* MoviesImageUrl.swift in Sources */,
				A80C918D21F4BDA6003C2432 /* SplashViewController.swift in Sources */,
				A80C919421F4BDA6003C2432 /* MovieViewModel.swift in Sources */,
				A80C919E21F4BDA6003C2432 /* MoviesBuilder.swift in Sources */,
				A80C91B321F4BDA6003C2432 /* Movie.swift in Sources */,
				A80C919721F4BDA6003C2432 /* MoviesViewController.swift in Sources */,
				A80C919B21F4BDA6003C2432 /* MoviesViewController+Filter.swift in Sources */,
				A80C919821F4BDA6003C2432 /* MoviesViewController+Sort.swift in Sources */,
				A80C919921F4BDA6003C2432 /* MoviesTableViewController.swift in Sources */,
				A80C919F21F4BDA6003C2432 /* AppBuilder.swift in Sources */,
				A80C91AA21F4BDA6003C2432 /* Enumerations.swift in Sources */,
				A88969AC2225956E0090780C /* MoviesTableViewController+DataSource.swift in Sources */,
				A8DB9E0B2256CDC200577BA1 /* MoviesService.swift in Sources */,
				A8DB9E092256CDC200577BA1 /* MoviesDataUrl.swift in Sources */,
			);
			runOnlyForDeploymentPostprocessing = 0;
		};
/* End PBXSourcesBuildPhase section */

/* Begin PBXTargetDependency section */
		A85EBDD921F4E7CB0012ACFF /* PBXTargetDependency */ = {
			isa = PBXTargetDependency;
			target = A87D0A3E21E4109E001D62B9 /* TMDB */;
			targetProxy = A85EBDD821F4E7CB0012ACFF /* PBXContainerItemProxy */;
		};
		A85EBDE721F4E7DC0012ACFF /* PBXTargetDependency */ = {
			isa = PBXTargetDependency;
			target = A87D0A3E21E4109E001D62B9 /* TMDB */;
			targetProxy = A85EBDE621F4E7DC0012ACFF /* PBXContainerItemProxy */;
		};
		A8C0B8A62962670F0075B722 /* PBXTargetDependency */ = {
			isa = PBXTargetDependency;
			productRef = A8C0B8A52962670F0075B722 /* Tiguer */;
		};
/* End PBXTargetDependency section */

/* Begin PBXVariantGroup section */
		A80C916D21F4BDA6003C2432 /* LaunchScreen.storyboard */ = {
			isa = PBXVariantGroup;
			children = (
				A80C916E21F4BDA6003C2432 /* Base */,
			);
			name = LaunchScreen.storyboard;
			sourceTree = "<group>";
		};
/* End PBXVariantGroup section */

/* Begin XCBuildConfiguration section */
		A85EBDDB21F4E7CB0012ACFF /* Debug */ = {
			isa = XCBuildConfiguration;
			baseConfigurationReference = 360D73DB2D9AAB07E8DA70E6 /* Pods-TMDBTests.debug.xcconfig */;
			buildSettings = {
				ALWAYS_EMBED_SWIFT_STANDARD_LIBRARIES = "$(inherited)";
				BUNDLE_LOADER = "$(TEST_HOST)";
				CLANG_ENABLE_MODULES = YES;
				CODE_SIGN_IDENTITY = "iPhone Developer";
				CODE_SIGN_STYLE = Automatic;
				DEVELOPMENT_TEAM = K6R8L8WN5N;
				INFOPLIST_FILE = TMDBTests/Info.plist;
				LD_RUNPATH_SEARCH_PATHS = (
					"$(inherited)",
					"@executable_path/Frameworks",
					"@loader_path/Frameworks",
				);
				PRODUCT_BUNDLE_IDENTIFIER = com.tiguer.TMDBTests;
				PRODUCT_NAME = "$(TARGET_NAME)";
				PROVISIONING_PROFILE_SPECIFIER = "";
				SWIFT_OBJC_BRIDGING_HEADER = "TMDBTests/TMDBTests-Bridging-Header.h";
				SWIFT_OPTIMIZATION_LEVEL = "-Onone";
				SWIFT_VERSION = 5.0;
				TARGETED_DEVICE_FAMILY = "1,2";
				TEST_HOST = "$(BUILT_PRODUCTS_DIR)/TMDB.app/TMDB";
			};
			name = Debug;
		};
		A85EBDDC21F4E7CB0012ACFF /* Release */ = {
			isa = XCBuildConfiguration;
			baseConfigurationReference = BC531E53F170996E86EF9B6E /* Pods-TMDBTests.release.xcconfig */;
			buildSettings = {
				ALWAYS_EMBED_SWIFT_STANDARD_LIBRARIES = "$(inherited)";
				BUNDLE_LOADER = "$(TEST_HOST)";
				CLANG_ENABLE_MODULES = YES;
				CODE_SIGN_IDENTITY = "iPhone Developer";
				CODE_SIGN_STYLE = Automatic;
				DEVELOPMENT_TEAM = K6R8L8WN5N;
				INFOPLIST_FILE = TMDBTests/Info.plist;
				LD_RUNPATH_SEARCH_PATHS = (
					"$(inherited)",
					"@executable_path/Frameworks",
					"@loader_path/Frameworks",
				);
				PRODUCT_BUNDLE_IDENTIFIER = com.tiguer.TMDBTests;
				PRODUCT_NAME = "$(TARGET_NAME)";
				PROVISIONING_PROFILE_SPECIFIER = "";
				SWIFT_OBJC_BRIDGING_HEADER = "TMDBTests/TMDBTests-Bridging-Header.h";
				SWIFT_VERSION = 5.0;
				TARGETED_DEVICE_FAMILY = "1,2";
				TEST_HOST = "$(BUILT_PRODUCTS_DIR)/TMDB.app/TMDB";
			};
			name = Release;
		};
		A85EBDE921F4E7DC0012ACFF /* Debug */ = {
			isa = XCBuildConfiguration;
			buildSettings = {
				CODE_SIGN_IDENTITY = "iPhone Developer";
				CODE_SIGN_STYLE = Automatic;
				DEVELOPMENT_TEAM = K6R8L8WN5N;
				INFOPLIST_FILE = TMDBUITests/Info.plist;
				LD_RUNPATH_SEARCH_PATHS = (
					"$(inherited)",
					"@executable_path/Frameworks",
					"@loader_path/Frameworks",
				);
				PRODUCT_BUNDLE_IDENTIFIER = com.tiguer.TMDBUITests;
				PRODUCT_NAME = "$(TARGET_NAME)";
				PROVISIONING_PROFILE_SPECIFIER = "";
				SWIFT_VERSION = 5.0;
				TARGETED_DEVICE_FAMILY = "1,2";
				TEST_TARGET_NAME = TMDB;
			};
			name = Debug;
		};
		A85EBDEA21F4E7DC0012ACFF /* Release */ = {
			isa = XCBuildConfiguration;
			buildSettings = {
				CODE_SIGN_IDENTITY = "iPhone Developer";
				CODE_SIGN_STYLE = Automatic;
				DEVELOPMENT_TEAM = K6R8L8WN5N;
				INFOPLIST_FILE = TMDBUITests/Info.plist;
				LD_RUNPATH_SEARCH_PATHS = (
					"$(inherited)",
					"@executable_path/Frameworks",
					"@loader_path/Frameworks",
				);
				PRODUCT_BUNDLE_IDENTIFIER = com.tiguer.TMDBUITests;
				PRODUCT_NAME = "$(TARGET_NAME)";
				PROVISIONING_PROFILE_SPECIFIER = "";
				SWIFT_VERSION = 5.0;
				TARGETED_DEVICE_FAMILY = "1,2";
				TEST_TARGET_NAME = TMDB;
			};
			name = Release;
		};
		A87D0A6521E410A0001D62B9 /* Debug */ = {
			isa = XCBuildConfiguration;
			buildSettings = {
				ALWAYS_SEARCH_USER_PATHS = NO;
				CLANG_ANALYZER_NONNULL = YES;
				CLANG_ANALYZER_NUMBER_OBJECT_CONVERSION = YES_AGGRESSIVE;
				CLANG_CXX_LANGUAGE_STANDARD = "gnu++14";
				CLANG_CXX_LIBRARY = "libc++";
				CLANG_ENABLE_MODULES = YES;
				CLANG_ENABLE_OBJC_ARC = YES;
				CLANG_ENABLE_OBJC_WEAK = YES;
				CLANG_WARN_BLOCK_CAPTURE_AUTORELEASING = YES;
				CLANG_WARN_BOOL_CONVERSION = YES;
				CLANG_WARN_COMMA = YES;
				CLANG_WARN_CONSTANT_CONVERSION = YES;
				CLANG_WARN_DEPRECATED_OBJC_IMPLEMENTATIONS = YES;
				CLANG_WARN_DIRECT_OBJC_ISA_USAGE = YES_ERROR;
				CLANG_WARN_DOCUMENTATION_COMMENTS = YES;
				CLANG_WARN_EMPTY_BODY = YES;
				CLANG_WARN_ENUM_CONVERSION = YES;
				CLANG_WARN_INFINITE_RECURSION = YES;
				CLANG_WARN_INT_CONVERSION = YES;
				CLANG_WARN_NON_LITERAL_NULL_CONVERSION = YES;
				CLANG_WARN_OBJC_IMPLICIT_RETAIN_SELF = YES;
				CLANG_WARN_OBJC_LITERAL_CONVERSION = YES;
				CLANG_WARN_OBJC_ROOT_CLASS = YES_ERROR;
				CLANG_WARN_QUOTED_INCLUDE_IN_FRAMEWORK_HEADER = YES;
				CLANG_WARN_RANGE_LOOP_ANALYSIS = YES;
				CLANG_WARN_STRICT_PROTOTYPES = YES;
				CLANG_WARN_SUSPICIOUS_MOVE = YES;
				CLANG_WARN_UNGUARDED_AVAILABILITY = YES_AGGRESSIVE;
				CLANG_WARN_UNREACHABLE_CODE = YES;
				CLANG_WARN__DUPLICATE_METHOD_MATCH = YES;
				CODE_SIGN_IDENTITY = "iPhone Developer: bmctigue@tiguer.com (L9X39T962F)";
				COPY_PHASE_STRIP = NO;
				DEBUG_INFORMATION_FORMAT = dwarf;
				ENABLE_STRICT_OBJC_MSGSEND = YES;
				ENABLE_TESTABILITY = YES;
				GCC_C_LANGUAGE_STANDARD = gnu11;
				GCC_DYNAMIC_NO_PIC = NO;
				GCC_NO_COMMON_BLOCKS = YES;
				GCC_OPTIMIZATION_LEVEL = 0;
				GCC_PREPROCESSOR_DEFINITIONS = (
					"DEBUG=1",
					"$(inherited)",
				);
				GCC_WARN_64_TO_32_BIT_CONVERSION = YES;
				GCC_WARN_ABOUT_RETURN_TYPE = YES_ERROR;
				GCC_WARN_UNDECLARED_SELECTOR = YES;
				GCC_WARN_UNINITIALIZED_AUTOS = YES_AGGRESSIVE;
				GCC_WARN_UNUSED_FUNCTION = YES;
				GCC_WARN_UNUSED_VARIABLE = YES;
				IPHONEOS_DEPLOYMENT_TARGET = 14.0;
				MTL_ENABLE_DEBUG_INFO = INCLUDE_SOURCE;
				MTL_FAST_MATH = YES;
				ONLY_ACTIVE_ARCH = YES;
				SDKROOT = iphoneos;
				SWIFT_ACTIVE_COMPILATION_CONDITIONS = DEBUG;
				SWIFT_OPTIMIZATION_LEVEL = "-Onone";
			};
			name = Debug;
		};
		A87D0A6621E410A0001D62B9 /* Release */ = {
			isa = XCBuildConfiguration;
			buildSettings = {
				ALWAYS_SEARCH_USER_PATHS = NO;
				CLANG_ANALYZER_NONNULL = YES;
				CLANG_ANALYZER_NUMBER_OBJECT_CONVERSION = YES_AGGRESSIVE;
				CLANG_CXX_LANGUAGE_STANDARD = "gnu++14";
				CLANG_CXX_LIBRARY = "libc++";
				CLANG_ENABLE_MODULES = YES;
				CLANG_ENABLE_OBJC_ARC = YES;
				CLANG_ENABLE_OBJC_WEAK = YES;
				CLANG_WARN_BLOCK_CAPTURE_AUTORELEASING = YES;
				CLANG_WARN_BOOL_CONVERSION = YES;
				CLANG_WARN_COMMA = YES;
				CLANG_WARN_CONSTANT_CONVERSION = YES;
				CLANG_WARN_DEPRECATED_OBJC_IMPLEMENTATIONS = YES;
				CLANG_WARN_DIRECT_OBJC_ISA_USAGE = YES_ERROR;
				CLANG_WARN_DOCUMENTATION_COMMENTS = YES;
				CLANG_WARN_EMPTY_BODY = YES;
				CLANG_WARN_ENUM_CONVERSION = YES;
				CLANG_WARN_INFINITE_RECURSION = YES;
				CLANG_WARN_INT_CONVERSION = YES;
				CLANG_WARN_NON_LITERAL_NULL_CONVERSION = YES;
				CLANG_WARN_OBJC_IMPLICIT_RETAIN_SELF = YES;
				CLANG_WARN_OBJC_LITERAL_CONVERSION = YES;
				CLANG_WARN_OBJC_ROOT_CLASS = YES_ERROR;
				CLANG_WARN_QUOTED_INCLUDE_IN_FRAMEWORK_HEADER = YES;
				CLANG_WARN_RANGE_LOOP_ANALYSIS = YES;
				CLANG_WARN_STRICT_PROTOTYPES = YES;
				CLANG_WARN_SUSPICIOUS_MOVE = YES;
				CLANG_WARN_UNGUARDED_AVAILABILITY = YES_AGGRESSIVE;
				CLANG_WARN_UNREACHABLE_CODE = YES;
				CLANG_WARN__DUPLICATE_METHOD_MATCH = YES;
				CODE_SIGN_IDENTITY = "iPhone Developer: bmctigue@tiguer.com (L9X39T962F)";
				COPY_PHASE_STRIP = NO;
				DEBUG_INFORMATION_FORMAT = "dwarf-with-dsym";
				ENABLE_NS_ASSERTIONS = NO;
				ENABLE_STRICT_OBJC_MSGSEND = YES;
				GCC_C_LANGUAGE_STANDARD = gnu11;
				GCC_NO_COMMON_BLOCKS = YES;
				GCC_WARN_64_TO_32_BIT_CONVERSION = YES;
				GCC_WARN_ABOUT_RETURN_TYPE = YES_ERROR;
				GCC_WARN_UNDECLARED_SELECTOR = YES;
				GCC_WARN_UNINITIALIZED_AUTOS = YES_AGGRESSIVE;
				GCC_WARN_UNUSED_FUNCTION = YES;
				GCC_WARN_UNUSED_VARIABLE = YES;
				IPHONEOS_DEPLOYMENT_TARGET = 14.0;
				MTL_ENABLE_DEBUG_INFO = NO;
				MTL_FAST_MATH = YES;
				SDKROOT = iphoneos;
				SWIFT_COMPILATION_MODE = wholemodule;
				SWIFT_OPTIMIZATION_LEVEL = "-O";
				VALIDATE_PRODUCT = YES;
			};
			name = Release;
		};
		A87D0A6821E410A0001D62B9 /* Debug */ = {
			isa = XCBuildConfiguration;
			baseConfigurationReference = 5B3E20ABB866B8DF27C67D09 /* Pods-TMDB.debug.xcconfig */;
			buildSettings = {
				ASSETCATALOG_COMPILER_APPICON_NAME = AppIcon;
				CODE_SIGN_IDENTITY = "iPhone Developer";
				CODE_SIGN_STYLE = Automatic;
				DEVELOPMENT_TEAM = 462PHCYTGY;
				INFOPLIST_FILE = "$(SRCROOT)/TMDB/Info.plist";
				IPHONEOS_DEPLOYMENT_TARGET = 14.0;
				LD_RUNPATH_SEARCH_PATHS = (
					"$(inherited)",
					"@executable_path/Frameworks",
				);
				PRODUCT_BUNDLE_IDENTIFIER = com.tiguer.TMDB;
				PRODUCT_NAME = "$(TARGET_NAME)";
				PROVISIONING_PROFILE_SPECIFIER = "";
				SWIFT_VERSION = 5.0;
				TARGETED_DEVICE_FAMILY = "1,2";
			};
			name = Debug;
		};
		A87D0A6921E410A0001D62B9 /* Release */ = {
			isa = XCBuildConfiguration;
			baseConfigurationReference = F90662A85AE308DED5F9E276 /* Pods-TMDB.release.xcconfig */;
			buildSettings = {
				ASSETCATALOG_COMPILER_APPICON_NAME = AppIcon;
				CODE_SIGN_IDENTITY = "iPhone Developer";
				CODE_SIGN_STYLE = Automatic;
				DEVELOPMENT_TEAM = 462PHCYTGY;
				INFOPLIST_FILE = "$(SRCROOT)/TMDB/Info.plist";
				IPHONEOS_DEPLOYMENT_TARGET = 14.0;
				LD_RUNPATH_SEARCH_PATHS = (
					"$(inherited)",
					"@executable_path/Frameworks",
				);
				PRODUCT_BUNDLE_IDENTIFIER = com.tiguer.TMDB;
				PRODUCT_NAME = "$(TARGET_NAME)";
				PROVISIONING_PROFILE_SPECIFIER = "";
				SWIFT_VERSION = 5.0;
				TARGETED_DEVICE_FAMILY = "1,2";
			};
			name = Release;
		};
/* End XCBuildConfiguration section */

/* Begin XCConfigurationList section */
		A85EBDDA21F4E7CB0012ACFF /* Build configuration list for PBXNativeTarget "TMDBTests" */ = {
			isa = XCConfigurationList;
			buildConfigurations = (
				A85EBDDB21F4E7CB0012ACFF /* Debug */,
				A85EBDDC21F4E7CB0012ACFF /* Release */,
			);
			defaultConfigurationIsVisible = 0;
			defaultConfigurationName = Release;
		};
		A85EBDE821F4E7DC0012ACFF /* Build configuration list for PBXNativeTarget "TMDBUITests" */ = {
			isa = XCConfigurationList;
			buildConfigurations = (
				A85EBDE921F4E7DC0012ACFF /* Debug */,
				A85EBDEA21F4E7DC0012ACFF /* Release */,
			);
			defaultConfigurationIsVisible = 0;
			defaultConfigurationName = Release;
		};
		A87D0A3A21E4109E001D62B9 /* Build configuration list for PBXProject "TMDB" */ = {
			isa = XCConfigurationList;
			buildConfigurations = (
				A87D0A6521E410A0001D62B9 /* Debug */,
				A87D0A6621E410A0001D62B9 /* Release */,
			);
			defaultConfigurationIsVisible = 0;
			defaultConfigurationName = Release;
		};
		A87D0A6721E410A0001D62B9 /* Build configuration list for PBXNativeTarget "TMDB" */ = {
			isa = XCConfigurationList;
			buildConfigurations = (
				A87D0A6821E410A0001D62B9 /* Debug */,
				A87D0A6921E410A0001D62B9 /* Release */,
			);
			defaultConfigurationIsVisible = 0;
			defaultConfigurationName = Release;
		};
/* End XCConfigurationList section */

/* Begin XCRemoteSwiftPackageReference section */
		A8295E3A2960E66F00722A15 /* XCRemoteSwiftPackageReference "Unbox" */ = {
			isa = XCRemoteSwiftPackageReference;
			repositoryURL = "https://github.com/JohnSundell/Unbox.git";
			requirement = {
				kind = upToNextMajorVersion;
				minimumVersion = 4.0.0;
			};
		};
		A8295E3D2960EA4800722A15 /* XCRemoteSwiftPackageReference "Kingfisher" */ = {
			isa = XCRemoteSwiftPackageReference;
			repositoryURL = "https://github.com/onevcat/Kingfisher.git";
			requirement = {
				kind = upToNextMajorVersion;
				minimumVersion = 7.0.0;
			};
		};
		A86988A0299E703D00A1F76B /* XCRemoteSwiftPackageReference "Tiguer" */ = {
			isa = XCRemoteSwiftPackageReference;
			repositoryURL = "https://github.com/bmctigue/Tiguer";
			requirement = {
				branch = main;
				kind = branch;
			};
		};
		A890399129622BEA003973B3 /* XCRemoteSwiftPackageReference "Promis" */ = {
			isa = XCRemoteSwiftPackageReference;
			repositoryURL = "https://github.com/albertodebortoli/Promis.git";
			requirement = {
				kind = upToNextMajorVersion;
				minimumVersion = 3.0.0;
			};
		};
/* End XCRemoteSwiftPackageReference section */

/* Begin XCSwiftPackageProductDependency section */
		A8295E3B2960E66F00722A15 /* Unbox */ = {
			isa = XCSwiftPackageProductDependency;
			package = A8295E3A2960E66F00722A15 /* XCRemoteSwiftPackageReference "Unbox" */;
			productName = Unbox;
		};
		A8295E3E2960EA4800722A15 /* Kingfisher */ = {
			isa = XCSwiftPackageProductDependency;
			package = A8295E3D2960EA4800722A15 /* XCRemoteSwiftPackageReference "Kingfisher" */;
			productName = Kingfisher;
		};
		A86988A1299E703E00A1F76B /* Tiguer */ = {
			isa = XCSwiftPackageProductDependency;
			package = A86988A0299E703D00A1F76B /* XCRemoteSwiftPackageReference "Tiguer" */;
			productName = Tiguer;
		};
		A890399229622BEA003973B3 /* Promis */ = {
			isa = XCSwiftPackageProductDependency;
			package = A890399129622BEA003973B3 /* XCRemoteSwiftPackageReference "Promis" */;
			productName = Promis;
		};
		A8C0B8A52962670F0075B722 /* Tiguer */ = {
			isa = XCSwiftPackageProductDependency;
			productName = Tiguer;
		};
/* End XCSwiftPackageProductDependency section */
	};
	rootObject = A87D0A3721E4109E001D62B9 /* Project object */;
}
