PODS:
  - Kingfisher (5.3.0)
  - lottie-ios (2.5.2)
  - Promis (2.0.0)
  - Tiguer (0.0.5):
    - Promis
  - UIEmptyState (4.0.1)
  - Unbox (3.0.0)

DEPENDENCIES:
  - Kingfisher
  - lottie-ios
  - Promis
  - Tiguer (from `https://github.com/bmctigue/Tiguer.git`)
  - UIEmptyState
  - Unbox

SPEC REPOS:
  https://github.com/cocoapods/specs.git:
    - Kingfisher
    - lottie-ios
    - Promis
    - UIEmptyState
    - Unbox

EXTERNAL SOURCES:
  Tiguer:
    :git: https://github.com/bmctigue/Tiguer.git

CHECKOUT OPTIONS:
  Tiguer:
    :commit: dae80bac460035c0a20332d1a1fb14c485ff1fd2
    :git: https://github.com/bmctigue/Tiguer.git

SPEC CHECKSUMS:
  Kingfisher: 4692c783ffb99e9e2e40a6eb3e518c3b96c6fa8c
  lottie-ios: 3fef45d3fabe63e3c7c2eb603dd64ddfffc73062
  Promis: 92878a15a9d146622b1815e137638e2c0be974ff
  Tiguer: 8e0a373dec3e32225bd2bb23cbb7c959275d7f88
  UIEmptyState: 767376694d9402452fb3c0a5a5283176c6a53c92
  Unbox: 9ed33b2a31f7a8a049f54b94d40c4a52a28c4d9d

PODFILE CHECKSUM: 392285323bafeaae3057ff35f097dd1b10a7cb09

COCOAPODS: 1.6.0
