PODS:
  - Cache (5.2.0)
  - Kingfisher (5.1.0)
  - lottie-ios (2.5.2)
  - Promis (2.0.0)
  - Tiguer (0.0.1):
    - Promis
  - UIEmptyState (4.0.1)
  - Unbox (3.0.0)

DEPENDENCIES:
  - Cache
  - Kingfisher
  - lottie-ios
  - Promis
  - Tiguer (from `https://github.com/bmctigue/Tiguer.git`)
  - UIEmptyState
  - Unbox

SPEC REPOS:
  https://github.com/cocoapods/specs.git:
    - Cache
    - Kingfisher
    - lottie-ios
    - Promis
    - UIEmptyState
    - Unbox

EXTERNAL SOURCES:
  Tiguer:
    :git: https://github.com/bmctigue/Tiguer.git

CHECKOUT OPTIONS:
  Tiguer:
    :commit: a02ba9aab302300fdba9162f27901ebe4d50b60e
    :git: https://github.com/bmctigue/Tiguer.git

SPEC CHECKSUMS:
  Cache: 807c5d86d01a177f06ede9865add3aea269bbfd4
  Kingfisher: fcec238063d17404fca89bf0a850583211c4cbf6
  lottie-ios: 3fef45d3fabe63e3c7c2eb603dd64ddfffc73062
  Promis: 92878a15a9d146622b1815e137638e2c0be974ff
  Tiguer: a93aa1b464d2402cf12cdd75f372c2e62b3890d2
  UIEmptyState: 767376694d9402452fb3c0a5a5283176c6a53c92
  Unbox: 9ed33b2a31f7a8a049f54b94d40c4a52a28c4d9d

PODFILE CHECKSUM: bf47f4661b5be27c4f8d956b99ee4a581764bd95

COCOAPODS: 1.5.2
