// !$*UTF8*$!
{
	archiveVersion = 1;
	classes = {
	};
	objectVersion = 50;
	objects = {

/* Begin PBXBuildFile section */
		8520DB90ECCA53EED6B841CE /* Pods_Tally.framework in Frameworks */ = {isa = PBXBuildFile; fileRef = 6637F641524C612548B8F25C /* Pods_Tally.framework */; };
		A80E04E521E5410D008E74FD /* URLManager.swift in Sources */ = {isa = PBXBuildFile; fileRef = A80E04E421E5410D008E74FD /* URLManager.swift */; };
		A80E04E721E546FB008E74FD /* MoviesStore.swift in Sources */ = {isa = PBXBuildFile; fileRef = A80E04E621E546FB008E74FD /* MoviesStore.swift */; };
		A815A47721E43E3D00AB9A0C /* MoviesUnboxDataAdapter.swift in Sources */ = {isa = PBXBuildFile; fileRef = A815A47621E43E3D00AB9A0C /* MoviesUnboxDataAdapter.swift */; };
		A87D0A4321E4109E001D62B9 /* AppDelegate.swift in Sources */ = {isa = PBXBuildFile; fileRef = A87D0A4221E4109E001D62B9 /* AppDelegate.swift */; };
		A87D0A4821E4109E001D62B9 /* Main.storyboard in Resources */ = {isa = PBXBuildFile; fileRef = A87D0A4621E4109E001D62B9 /* Main.storyboard */; };
		A87D0A4A21E410A0001D62B9 /* Assets.xcassets in Resources */ = {isa = PBXBuildFile; fileRef = A87D0A4921E410A0001D62B9 /* Assets.xcassets */; };
		A87D0A6321E410A0001D62B9 /* TallyUITests.swift in Sources */ = {isa = PBXBuildFile; fileRef = A87D0A6221E410A0001D62B9 /* TallyUITests.swift */; };
		A87D0A7121E412DC001D62B9 /* Podfile in Resources */ = {isa = PBXBuildFile; fileRef = A87D0A7021E412DC001D62B9 /* Podfile */; };
		A87D0A7C21E412FA001D62B9 /* AppBuilderTests.swift in Sources */ = {isa = PBXBuildFile; fileRef = A87D0A7321E412FA001D62B9 /* AppBuilderTests.swift */; };
		A87D0A7D21E412FA001D62B9 /* ServiceTests.swift in Sources */ = {isa = PBXBuildFile; fileRef = A87D0A7421E412FA001D62B9 /* ServiceTests.swift */; };
		A87D0A7E21E412FA001D62B9 /* DynamicValueTests.swift in Sources */ = {isa = PBXBuildFile; fileRef = A87D0A7521E412FA001D62B9 /* DynamicValueTests.swift */; };
		A87D0A7F21E412FA001D62B9 /* MoviesBuilderTests.swift in Sources */ = {isa = PBXBuildFile; fileRef = A87D0A7621E412FA001D62B9 /* MoviesBuilderTests.swift */; };
		A87D0A8021E412FA001D62B9 /* MoviesInteractorTests.swift in Sources */ = {isa = PBXBuildFile; fileRef = A87D0A7721E412FA001D62B9 /* MoviesInteractorTests.swift */; };
		A87D0A8121E412FA001D62B9 /* MoviesUnboxDataAdapterTests.swift in Sources */ = {isa = PBXBuildFile; fileRef = A87D0A7821E412FA001D62B9 /* MoviesUnboxDataAdapterTests.swift */; };
		A87D0A8221E412FA001D62B9 /* MoviesPresenterTests.swift in Sources */ = {isa = PBXBuildFile; fileRef = A87D0A7921E412FA001D62B9 /* MoviesPresenterTests.swift */; };
		A87D0A8321E412FA001D62B9 /* TableViewDataSourceTests.swift in Sources */ = {isa = PBXBuildFile; fileRef = A87D0A7A21E412FA001D62B9 /* TableViewDataSourceTests.swift */; };
		A87D0A8421E412FA001D62B9 /* LocalStoreTests.swift in Sources */ = {isa = PBXBuildFile; fileRef = A87D0A7B21E412FA001D62B9 /* LocalStoreTests.swift */; };
		A87D0A8C21E41325001D62B9 /* AppBuilder.swift in Sources */ = {isa = PBXBuildFile; fileRef = A87D0A8621E41325001D62B9 /* AppBuilder.swift */; };
		A87D0A8D21E41325001D62B9 /* LaunchScreen.storyboard in Resources */ = {isa = PBXBuildFile; fileRef = A87D0A8721E41325001D62B9 /* LaunchScreen.storyboard */; };
		A87D0AB121E41333001D62B9 /* moviesJson.json in Resources */ = {isa = PBXBuildFile; fileRef = A87D0A9121E41333001D62B9 /* moviesJson.json */; };
		A87D0AB221E41333001D62B9 /* MoviesBuilder.swift in Sources */ = {isa = PBXBuildFile; fileRef = A87D0A9421E41333001D62B9 /* MoviesBuilder.swift */; };
		A87D0AB321E41333001D62B9 /* MoviesInteractor.swift in Sources */ = {isa = PBXBuildFile; fileRef = A87D0A9721E41333001D62B9 /* MoviesInteractor.swift */; };
		A87D0AB421E41333001D62B9 /* MoviesPresenter.swift in Sources */ = {isa = PBXBuildFile; fileRef = A87D0A9821E41333001D62B9 /* MoviesPresenter.swift */; };
		A87D0AB521E41333001D62B9 /* MovieViewModel.swift in Sources */ = {isa = PBXBuildFile; fileRef = A87D0A9921E41333001D62B9 /* MovieViewModel.swift */; };
		A87D0AB621E41333001D62B9 /* MovieTableViewCell.xib in Resources */ = {isa = PBXBuildFile; fileRef = A87D0A9B21E41333001D62B9 /* MovieTableViewCell.xib */; };
		A87D0AB721E41333001D62B9 /* MoviesViewController.swift in Sources */ = {isa = PBXBuildFile; fileRef = A87D0A9C21E41333001D62B9 /* MoviesViewController.swift */; };
		A87D0AB821E41333001D62B9 /* MoviesTableViewController.swift in Sources */ = {isa = PBXBuildFile; fileRef = A87D0A9D21E41333001D62B9 /* MoviesTableViewController.swift */; };
		A87D0AB921E41333001D62B9 /* MoviesTableViewController.xib in Resources */ = {isa = PBXBuildFile; fileRef = A87D0A9E21E41333001D62B9 /* MoviesTableViewController.xib */; };
		A87D0ABA21E41333001D62B9 /* MoviesViewController.xib in Resources */ = {isa = PBXBuildFile; fileRef = A87D0A9F21E41333001D62B9 /* MoviesViewController.xib */; };
		A87D0ABB21E41333001D62B9 /* MovieTableViewCell.swift in Sources */ = {isa = PBXBuildFile; fileRef = A87D0AA021E41333001D62B9 /* MovieTableViewCell.swift */; };
		A87D0ABC21E41333001D62B9 /* DynamicValue.swift in Sources */ = {isa = PBXBuildFile; fileRef = A87D0AA321E41333001D62B9 /* DynamicValue.swift */; };
		A87D0ABD21E41333001D62B9 /* Enumerations.swift in Sources */ = {isa = PBXBuildFile; fileRef = A87D0AA421E41333001D62B9 /* Enumerations.swift */; };
		A87D0ABE21E41333001D62B9 /* Structs.swift in Sources */ = {isa = PBXBuildFile; fileRef = A87D0AA521E41333001D62B9 /* Structs.swift */; };
		A87D0ABF21E41333001D62B9 /* Protocols.swift in Sources */ = {isa = PBXBuildFile; fileRef = A87D0AA621E41333001D62B9 /* Protocols.swift */; };
		A87D0AC021E41333001D62B9 /* Service.swift in Sources */ = {isa = PBXBuildFile; fileRef = A87D0AA821E41333001D62B9 /* Service.swift */; };
		A87D0AC121E41333001D62B9 /* TableViewDataSource.swift in Sources */ = {isa = PBXBuildFile; fileRef = A87D0AA921E41333001D62B9 /* TableViewDataSource.swift */; };
		A87D0AC321E41333001D62B9 /* LocalStore.swift in Sources */ = {isa = PBXBuildFile; fileRef = A87D0AAB21E41333001D62B9 /* LocalStore.swift */; };
		A87D0AC421E41333001D62B9 /* UIViewController+AddRemove.swift in Sources */ = {isa = PBXBuildFile; fileRef = A87D0AAD21E41333001D62B9 /* UIViewController+AddRemove.swift */; };
		A87D0AC521E41333001D62B9 /* LoadingViewController.swift in Sources */ = {isa = PBXBuildFile; fileRef = A87D0AAE21E41333001D62B9 /* LoadingViewController.swift */; };
		A87D0AC621E41333001D62B9 /* Movie.swift in Sources */ = {isa = PBXBuildFile; fileRef = A87D0AB021E41333001D62B9 /* Movie.swift */; };
		A891BDB621E4C9800009FFFE /* MovieTableViewCellTests.swift in Sources */ = {isa = PBXBuildFile; fileRef = A891BDB521E4C9800009FFFE /* MovieTableViewCellTests.swift */; };
		A891BDB821E4DFA60009FFFE /* Cache.swift in Sources */ = {isa = PBXBuildFile; fileRef = A891BDB721E4DFA60009FFFE /* Cache.swift */; };
		A891BDBA21E4E2F40009FFFE /* CacheTests.swift in Sources */ = {isa = PBXBuildFile; fileRef = A891BDB921E4E2F40009FFFE /* CacheTests.swift */; };
		A891BDBC21E4F3590009FFFE /* FavoritesManager.swift in Sources */ = {isa = PBXBuildFile; fileRef = A891BDBB21E4F3590009FFFE /* FavoritesManager.swift */; };
		A891BDBE21E4F7310009FFFE /* FavoritesManagerTests.swift in Sources */ = {isa = PBXBuildFile; fileRef = A891BDBD21E4F7310009FFFE /* FavoritesManagerTests.swift */; };
		A891BDC021E51C940009FFFE /* UITableView+ScrollToTop.swift in Sources */ = {isa = PBXBuildFile; fileRef = A891BDBF21E51C940009FFFE /* UITableView+ScrollToTop.swift */; };
		BC3F6B609B4FD1435C8F2161 /* Pods_TallyTests.framework in Frameworks */ = {isa = PBXBuildFile; fileRef = 4A0EA0611899F5D8BA81990E /* Pods_TallyTests.framework */; };
/* End PBXBuildFile section */

/* Begin PBXContainerItemProxy section */
		A87D0A5421E410A0001D62B9 /* PBXContainerItemProxy */ = {
			isa = PBXContainerItemProxy;
			containerPortal = A87D0A3721E4109E001D62B9 /* Project object */;
			proxyType = 1;
			remoteGlobalIDString = A87D0A3E21E4109E001D62B9;
			remoteInfo = Tally;
		};
		A87D0A5F21E410A0001D62B9 /* PBXContainerItemProxy */ = {
			isa = PBXContainerItemProxy;
			containerPortal = A87D0A3721E4109E001D62B9 /* Project object */;
			proxyType = 1;
			remoteGlobalIDString = A87D0A3E21E4109E001D62B9;
			remoteInfo = Tally;
		};
/* End PBXContainerItemProxy section */

/* Begin PBXFileReference section */
		4A0EA0611899F5D8BA81990E /* Pods_TallyTests.framework */ = {isa = PBXFileReference; explicitFileType = wrapper.framework; includeInIndex = 0; path = Pods_TallyTests.framework; sourceTree = BUILT_PRODUCTS_DIR; };
		6637F641524C612548B8F25C /* Pods_Tally.framework */ = {isa = PBXFileReference; explicitFileType = wrapper.framework; includeInIndex = 0; path = Pods_Tally.framework; sourceTree = BUILT_PRODUCTS_DIR; };
		92ACC6547960FE9C73EB1939 /* Pods-Tally.debug.xcconfig */ = {isa = PBXFileReference; includeInIndex = 1; lastKnownFileType = text.xcconfig; name = "Pods-Tally.debug.xcconfig"; path = "Pods/Target Support Files/Pods-Tally/Pods-Tally.debug.xcconfig"; sourceTree = "<group>"; };
		A80E04E421E5410D008E74FD /* URLManager.swift */ = {isa = PBXFileReference; lastKnownFileType = sourcecode.swift; path = URLManager.swift; sourceTree = "<group>"; };
		A80E04E621E546FB008E74FD /* MoviesStore.swift */ = {isa = PBXFileReference; lastKnownFileType = sourcecode.swift; path = MoviesStore.swift; sourceTree = "<group>"; };
		A815A47621E43E3D00AB9A0C /* MoviesUnboxDataAdapter.swift */ = {isa = PBXFileReference; fileEncoding = 4; lastKnownFileType = sourcecode.swift; path = MoviesUnboxDataAdapter.swift; sourceTree = "<group>"; };
		A87D0A3F21E4109E001D62B9 /* Tally.app */ = {isa = PBXFileReference; explicitFileType = wrapper.application; includeInIndex = 0; path = Tally.app; sourceTree = BUILT_PRODUCTS_DIR; };
		A87D0A4221E4109E001D62B9 /* AppDelegate.swift */ = {isa = PBXFileReference; lastKnownFileType = sourcecode.swift; path = AppDelegate.swift; sourceTree = "<group>"; };
		A87D0A4721E4109E001D62B9 /* Base */ = {isa = PBXFileReference; lastKnownFileType = file.storyboard; name = Base; path = Base.lproj/Main.storyboard; sourceTree = "<group>"; };
		A87D0A4921E410A0001D62B9 /* Assets.xcassets */ = {isa = PBXFileReference; lastKnownFileType = folder.assetcatalog; path = Assets.xcassets; sourceTree = "<group>"; };
		A87D0A4E21E410A0001D62B9 /* Info.plist */ = {isa = PBXFileReference; lastKnownFileType = text.plist.xml; path = Info.plist; sourceTree = "<group>"; };
		A87D0A5321E410A0001D62B9 /* TallyTests.xctest */ = {isa = PBXFileReference; explicitFileType = wrapper.cfbundle; includeInIndex = 0; path = TallyTests.xctest; sourceTree = BUILT_PRODUCTS_DIR; };
		A87D0A5921E410A0001D62B9 /* Info.plist */ = {isa = PBXFileReference; lastKnownFileType = text.plist.xml; path = Info.plist; sourceTree = "<group>"; };
		A87D0A5E21E410A0001D62B9 /* TallyUITests.xctest */ = {isa = PBXFileReference; explicitFileType = wrapper.cfbundle; includeInIndex = 0; path = TallyUITests.xctest; sourceTree = BUILT_PRODUCTS_DIR; };
		A87D0A6221E410A0001D62B9 /* TallyUITests.swift */ = {isa = PBXFileReference; lastKnownFileType = sourcecode.swift; path = TallyUITests.swift; sourceTree = "<group>"; };
		A87D0A6421E410A0001D62B9 /* Info.plist */ = {isa = PBXFileReference; lastKnownFileType = text.plist.xml; path = Info.plist; sourceTree = "<group>"; };
		A87D0A7021E412DC001D62B9 /* Podfile */ = {isa = PBXFileReference; fileEncoding = 4; lastKnownFileType = text; path = Podfile; sourceTree = SOURCE_ROOT; xcLanguageSpecificationIdentifier = xcode.lang.ruby; };
		A87D0A7221E412F9001D62B9 /* TallyTests-Bridging-Header.h */ = {isa = PBXFileReference; lastKnownFileType = sourcecode.c.h; path = "TallyTests-Bridging-Header.h"; sourceTree = "<group>"; };
		A87D0A7321E412FA001D62B9 /* AppBuilderTests.swift */ = {isa = PBXFileReference; fileEncoding = 4; lastKnownFileType = sourcecode.swift; path = AppBuilderTests.swift; sourceTree = "<group>"; };
		A87D0A7421E412FA001D62B9 /* ServiceTests.swift */ = {isa = PBXFileReference; fileEncoding = 4; lastKnownFileType = sourcecode.swift; path = ServiceTests.swift; sourceTree = "<group>"; };
		A87D0A7521E412FA001D62B9 /* DynamicValueTests.swift */ = {isa = PBXFileReference; fileEncoding = 4; lastKnownFileType = sourcecode.swift; path = DynamicValueTests.swift; sourceTree = "<group>"; };
		A87D0A7621E412FA001D62B9 /* MoviesBuilderTests.swift */ = {isa = PBXFileReference; fileEncoding = 4; lastKnownFileType = sourcecode.swift; path = MoviesBuilderTests.swift; sourceTree = "<group>"; };
		A87D0A7721E412FA001D62B9 /* MoviesInteractorTests.swift */ = {isa = PBXFileReference; fileEncoding = 4; lastKnownFileType = sourcecode.swift; path = MoviesInteractorTests.swift; sourceTree = "<group>"; };
		A87D0A7821E412FA001D62B9 /* MoviesUnboxDataAdapterTests.swift */ = {isa = PBXFileReference; fileEncoding = 4; lastKnownFileType = sourcecode.swift; path = MoviesUnboxDataAdapterTests.swift; sourceTree = "<group>"; };
		A87D0A7921E412FA001D62B9 /* MoviesPresenterTests.swift */ = {isa = PBXFileReference; fileEncoding = 4; lastKnownFileType = sourcecode.swift; path = MoviesPresenterTests.swift; sourceTree = "<group>"; };
		A87D0A7A21E412FA001D62B9 /* TableViewDataSourceTests.swift */ = {isa = PBXFileReference; fileEncoding = 4; lastKnownFileType = sourcecode.swift; path = TableViewDataSourceTests.swift; sourceTree = "<group>"; };
		A87D0A7B21E412FA001D62B9 /* LocalStoreTests.swift */ = {isa = PBXFileReference; fileEncoding = 4; lastKnownFileType = sourcecode.swift; path = LocalStoreTests.swift; sourceTree = "<group>"; };
		A87D0A8621E41325001D62B9 /* AppBuilder.swift */ = {isa = PBXFileReference; fileEncoding = 4; lastKnownFileType = sourcecode.swift; path = AppBuilder.swift; sourceTree = "<group>"; };
		A87D0A8821E41325001D62B9 /* Base */ = {isa = PBXFileReference; lastKnownFileType = file.storyboard; name = Base; path = Base.lproj/LaunchScreen.storyboard; sourceTree = "<group>"; };
		A87D0A9121E41333001D62B9 /* moviesJson.json */ = {isa = PBXFileReference; fileEncoding = 4; lastKnownFileType = text.json; path = moviesJson.json; sourceTree = "<group>"; };
		A87D0A9421E41333001D62B9 /* MoviesBuilder.swift */ = {isa = PBXFileReference; fileEncoding = 4; lastKnownFileType = sourcecode.swift; path = MoviesBuilder.swift; sourceTree = "<group>"; };
		A87D0A9721E41333001D62B9 /* MoviesInteractor.swift */ = {isa = PBXFileReference; fileEncoding = 4; lastKnownFileType = sourcecode.swift; path = MoviesInteractor.swift; sourceTree = "<group>"; };
		A87D0A9821E41333001D62B9 /* MoviesPresenter.swift */ = {isa = PBXFileReference; fileEncoding = 4; lastKnownFileType = sourcecode.swift; path = MoviesPresenter.swift; sourceTree = "<group>"; };
		A87D0A9921E41333001D62B9 /* MovieViewModel.swift */ = {isa = PBXFileReference; fileEncoding = 4; lastKnownFileType = sourcecode.swift; path = MovieViewModel.swift; sourceTree = "<group>"; };
		A87D0A9B21E41333001D62B9 /* MovieTableViewCell.xib */ = {isa = PBXFileReference; fileEncoding = 4; lastKnownFileType = file.xib; path = MovieTableViewCell.xib; sourceTree = "<group>"; };
		A87D0A9C21E41333001D62B9 /* MoviesViewController.swift */ = {isa = PBXFileReference; fileEncoding = 4; lastKnownFileType = sourcecode.swift; path = MoviesViewController.swift; sourceTree = "<group>"; };
		A87D0A9D21E41333001D62B9 /* MoviesTableViewController.swift */ = {isa = PBXFileReference; fileEncoding = 4; lastKnownFileType = sourcecode.swift; path = MoviesTableViewController.swift; sourceTree = "<group>"; };
		A87D0A9E21E41333001D62B9 /* MoviesTableViewController.xib */ = {isa = PBXFileReference; fileEncoding = 4; lastKnownFileType = file.xib; path = MoviesTableViewController.xib; sourceTree = "<group>"; };
		A87D0A9F21E41333001D62B9 /* MoviesViewController.xib */ = {isa = PBXFileReference; fileEncoding = 4; lastKnownFileType = file.xib; path = MoviesViewController.xib; sourceTree = "<group>"; };
		A87D0AA021E41333001D62B9 /* MovieTableViewCell.swift */ = {isa = PBXFileReference; fileEncoding = 4; lastKnownFileType = sourcecode.swift; path = MovieTableViewCell.swift; sourceTree = "<group>"; };
		A87D0AA321E41333001D62B9 /* DynamicValue.swift */ = {isa = PBXFileReference; fileEncoding = 4; lastKnownFileType = sourcecode.swift; path = DynamicValue.swift; sourceTree = "<group>"; };
		A87D0AA421E41333001D62B9 /* Enumerations.swift */ = {isa = PBXFileReference; fileEncoding = 4; lastKnownFileType = sourcecode.swift; path = Enumerations.swift; sourceTree = "<group>"; };
		A87D0AA521E41333001D62B9 /* Structs.swift */ = {isa = PBXFileReference; fileEncoding = 4; lastKnownFileType = sourcecode.swift; path = Structs.swift; sourceTree = "<group>"; };
		A87D0AA621E41333001D62B9 /* Protocols.swift */ = {isa = PBXFileReference; fileEncoding = 4; lastKnownFileType = sourcecode.swift; path = Protocols.swift; sourceTree = "<group>"; };
		A87D0AA821E41333001D62B9 /* Service.swift */ = {isa = PBXFileReference; fileEncoding = 4; lastKnownFileType = sourcecode.swift; path = Service.swift; sourceTree = "<group>"; };
		A87D0AA921E41333001D62B9 /* TableViewDataSource.swift */ = {isa = PBXFileReference; fileEncoding = 4; lastKnownFileType = sourcecode.swift; path = TableViewDataSource.swift; sourceTree = "<group>"; };
		A87D0AAB21E41333001D62B9 /* LocalStore.swift */ = {isa = PBXFileReference; fileEncoding = 4; lastKnownFileType = sourcecode.swift; path = LocalStore.swift; sourceTree = "<group>"; };
		A87D0AAD21E41333001D62B9 /* UIViewController+AddRemove.swift */ = {isa = PBXFileReference; fileEncoding = 4; lastKnownFileType = sourcecode.swift; path = "UIViewController+AddRemove.swift"; sourceTree = "<group>"; };
		A87D0AAE21E41333001D62B9 /* LoadingViewController.swift */ = {isa = PBXFileReference; fileEncoding = 4; lastKnownFileType = sourcecode.swift; path = LoadingViewController.swift; sourceTree = "<group>"; };
		A87D0AB021E41333001D62B9 /* Movie.swift */ = {isa = PBXFileReference; fileEncoding = 4; lastKnownFileType = sourcecode.swift; path = Movie.swift; sourceTree = "<group>"; };
		A891BDB521E4C9800009FFFE /* MovieTableViewCellTests.swift */ = {isa = PBXFileReference; lastKnownFileType = sourcecode.swift; path = MovieTableViewCellTests.swift; sourceTree = "<group>"; };
		A891BDB721E4DFA60009FFFE /* Cache.swift */ = {isa = PBXFileReference; lastKnownFileType = sourcecode.swift; path = Cache.swift; sourceTree = "<group>"; };
		A891BDB921E4E2F40009FFFE /* CacheTests.swift */ = {isa = PBXFileReference; lastKnownFileType = sourcecode.swift; path = CacheTests.swift; sourceTree = "<group>"; };
		A891BDBB21E4F3590009FFFE /* FavoritesManager.swift */ = {isa = PBXFileReference; lastKnownFileType = sourcecode.swift; path = FavoritesManager.swift; sourceTree = "<group>"; };
		A891BDBD21E4F7310009FFFE /* FavoritesManagerTests.swift */ = {isa = PBXFileReference; lastKnownFileType = sourcecode.swift; path = FavoritesManagerTests.swift; sourceTree = "<group>"; };
		A891BDBF21E51C940009FFFE /* UITableView+ScrollToTop.swift */ = {isa = PBXFileReference; lastKnownFileType = sourcecode.swift; path = "UITableView+ScrollToTop.swift"; sourceTree = "<group>"; };
		B97BF234A5B208F1B7669625 /* Pods-Tally.release.xcconfig */ = {isa = PBXFileReference; includeInIndex = 1; lastKnownFileType = text.xcconfig; name = "Pods-Tally.release.xcconfig"; path = "Pods/Target Support Files/Pods-Tally/Pods-Tally.release.xcconfig"; sourceTree = "<group>"; };
		EEDD071EF8BE4C3B4A8DD8D2 /* Pods-TallyTests.debug.xcconfig */ = {isa = PBXFileReference; includeInIndex = 1; lastKnownFileType = text.xcconfig; name = "Pods-TallyTests.debug.xcconfig"; path = "Pods/Target Support Files/Pods-TallyTests/Pods-TallyTests.debug.xcconfig"; sourceTree = "<group>"; };
		FF4F6A9E87C6A2BD95114F07 /* Pods-TallyTests.release.xcconfig */ = {isa = PBXFileReference; includeInIndex = 1; lastKnownFileType = text.xcconfig; name = "Pods-TallyTests.release.xcconfig"; path = "Pods/Target Support Files/Pods-TallyTests/Pods-TallyTests.release.xcconfig"; sourceTree = "<group>"; };
/* End PBXFileReference section */

/* Begin PBXFrameworksBuildPhase section */
		A87D0A3C21E4109E001D62B9 /* Frameworks */ = {
			isa = PBXFrameworksBuildPhase;
			buildActionMask = 2147483647;
			files = (
				8520DB90ECCA53EED6B841CE /* Pods_Tally.framework in Frameworks */,
			);
			runOnlyForDeploymentPostprocessing = 0;
		};
		A87D0A5021E410A0001D62B9 /* Frameworks */ = {
			isa = PBXFrameworksBuildPhase;
			buildActionMask = 2147483647;
			files = (
				BC3F6B609B4FD1435C8F2161 /* Pods_TallyTests.framework in Frameworks */,
			);
			runOnlyForDeploymentPostprocessing = 0;
		};
		A87D0A5B21E410A0001D62B9 /* Frameworks */ = {
			isa = PBXFrameworksBuildPhase;
			buildActionMask = 2147483647;
			files = (
			);
			runOnlyForDeploymentPostprocessing = 0;
		};
/* End PBXFrameworksBuildPhase section */

/* Begin PBXGroup section */
		A87D0A3621E4109E001D62B9 = {
			isa = PBXGroup;
			children = (
				A87D0A4121E4109E001D62B9 /* Tally */,
				A87D0A5621E410A0001D62B9 /* TallyTests */,
				A87D0A6121E410A0001D62B9 /* TallyUITests */,
				A87D0A4021E4109E001D62B9 /* Products */,
				B9C4A0AAA04BDFC2C35D9F22 /* Pods */,
				FA6439B7EF21A54C80E8B721 /* Frameworks */,
			);
			sourceTree = "<group>";
		};
		A87D0A4021E4109E001D62B9 /* Products */ = {
			isa = PBXGroup;
			children = (
				A87D0A3F21E4109E001D62B9 /* Tally.app */,
				A87D0A5321E410A0001D62B9 /* TallyTests.xctest */,
				A87D0A5E21E410A0001D62B9 /* TallyUITests.xctest */,
			);
			name = Products;
			sourceTree = "<group>";
		};
		A87D0A4121E4109E001D62B9 /* Tally */ = {
			isa = PBXGroup;
			children = (
				A87D0A8521E41325001D62B9 /* App */,
				A87D0A9221E41333001D62B9 /* Scenes */,
				A87D0AA121E41333001D62B9 /* Shared */,
				A87D0AAF21E41333001D62B9 /* Models */,
				A87D0A9021E41333001D62B9 /* Resources */,
				A87D0A7021E412DC001D62B9 /* Podfile */,
				A87D0A4221E4109E001D62B9 /* AppDelegate.swift */,
				A87D0A4621E4109E001D62B9 /* Main.storyboard */,
				A87D0A4921E410A0001D62B9 /* Assets.xcassets */,
				A87D0A4E21E410A0001D62B9 /* Info.plist */,
			);
			path = Tally;
			sourceTree = "<group>";
		};
		A87D0A5621E410A0001D62B9 /* TallyTests */ = {
			isa = PBXGroup;
			children = (
				A87D0A7321E412FA001D62B9 /* AppBuilderTests.swift */,
				A87D0A7521E412FA001D62B9 /* DynamicValueTests.swift */,
				A87D0A7B21E412FA001D62B9 /* LocalStoreTests.swift */,
				A87D0A7621E412FA001D62B9 /* MoviesBuilderTests.swift */,
				A87D0A7721E412FA001D62B9 /* MoviesInteractorTests.swift */,
				A87D0A7921E412FA001D62B9 /* MoviesPresenterTests.swift */,
				A87D0A7421E412FA001D62B9 /* ServiceTests.swift */,
				A87D0A7A21E412FA001D62B9 /* TableViewDataSourceTests.swift */,
				A87D0A7821E412FA001D62B9 /* MoviesUnboxDataAdapterTests.swift */,
				A87D0A5921E410A0001D62B9 /* Info.plist */,
				A87D0A7221E412F9001D62B9 /* TallyTests-Bridging-Header.h */,
				A891BDB521E4C9800009FFFE /* MovieTableViewCellTests.swift */,
				A891BDB921E4E2F40009FFFE /* CacheTests.swift */,
				A891BDBD21E4F7310009FFFE /* FavoritesManagerTests.swift */,
			);
			path = TallyTests;
			sourceTree = "<group>";
		};
		A87D0A6121E410A0001D62B9 /* TallyUITests */ = {
			isa = PBXGroup;
			children = (
				A87D0A6221E410A0001D62B9 /* TallyUITests.swift */,
				A87D0A6421E410A0001D62B9 /* Info.plist */,
			);
			path = TallyUITests;
			sourceTree = "<group>";
		};
		A87D0A8521E41325001D62B9 /* App */ = {
			isa = PBXGroup;
			children = (
				A87D0A8621E41325001D62B9 /* AppBuilder.swift */,
				A87D0A8721E41325001D62B9 /* LaunchScreen.storyboard */,
			);
			path = App;
			sourceTree = "<group>";
		};
		A87D0A9021E41333001D62B9 /* Resources */ = {
			isa = PBXGroup;
			children = (
				A87D0A9121E41333001D62B9 /* moviesJson.json */,
			);
			path = Resources;
			sourceTree = "<group>";
		};
		A87D0A9221E41333001D62B9 /* Scenes */ = {
			isa = PBXGroup;
			children = (
				A87D0A9321E41333001D62B9 /* Movies */,
			);
			path = Scenes;
			sourceTree = "<group>";
		};
		A87D0A9321E41333001D62B9 /* Movies */ = {
			isa = PBXGroup;
			children = (
				A87D0A9421E41333001D62B9 /* MoviesBuilder.swift */,
				A87D0A9521E41333001D62B9 /* BusinessLogic */,
				A87D0A9621E41333001D62B9 /* ApplicationLayer */,
				A87D0A9A21E41333001D62B9 /* View */,
			);
			path = Movies;
			sourceTree = "<group>";
		};
		A87D0A9521E41333001D62B9 /* BusinessLogic */ = {
			isa = PBXGroup;
			children = (
				A815A47621E43E3D00AB9A0C /* MoviesUnboxDataAdapter.swift */,
				A80E04E621E546FB008E74FD /* MoviesStore.swift */,
			);
			path = BusinessLogic;
			sourceTree = "<group>";
		};
		A87D0A9621E41333001D62B9 /* ApplicationLayer */ = {
			isa = PBXGroup;
			children = (
				A87D0A9721E41333001D62B9 /* MoviesInteractor.swift */,
				A87D0A9821E41333001D62B9 /* MoviesPresenter.swift */,
				A87D0A9921E41333001D62B9 /* MovieViewModel.swift */,
				A891BDBB21E4F3590009FFFE /* FavoritesManager.swift */,
			);
			path = ApplicationLayer;
			sourceTree = "<group>";
		};
		A87D0A9A21E41333001D62B9 /* View */ = {
			isa = PBXGroup;
			children = (
				A87D0A9C21E41333001D62B9 /* MoviesViewController.swift */,
				A87D0A9F21E41333001D62B9 /* MoviesViewController.xib */,
				A87D0A9D21E41333001D62B9 /* MoviesTableViewController.swift */,
				A87D0A9E21E41333001D62B9 /* MoviesTableViewController.xib */,
				A87D0AA021E41333001D62B9 /* MovieTableViewCell.swift */,
				A87D0A9B21E41333001D62B9 /* MovieTableViewCell.xib */,
			);
			path = View;
			sourceTree = "<group>";
		};
		A87D0AA121E41333001D62B9 /* Shared */ = {
			isa = PBXGroup;
			children = (
				A87D0AA421E41333001D62B9 /* Enumerations.swift */,
				A87D0AA621E41333001D62B9 /* Protocols.swift */,
				A87D0AA521E41333001D62B9 /* Structs.swift */,
				A891BDB721E4DFA60009FFFE /* Cache.swift */,
				A87D0AA721E41333001D62B9 /* BusinessLogic */,
				A87D0AAC21E41333001D62B9 /* View */,
				A87D0AA221E41333001D62B9 /* Binder */,
				A891BDBF21E51C940009FFFE /* UITableView+ScrollToTop.swift */,
			);
			path = Shared;
			sourceTree = "<group>";
		};
		A87D0AA221E41333001D62B9 /* Binder */ = {
			isa = PBXGroup;
			children = (
				A87D0AA321E41333001D62B9 /* DynamicValue.swift */,
			);
			path = Binder;
			sourceTree = "<group>";
		};
		A87D0AA721E41333001D62B9 /* BusinessLogic */ = {
			isa = PBXGroup;
			children = (
				A87D0AA821E41333001D62B9 /* Service.swift */,
				A87D0AA921E41333001D62B9 /* TableViewDataSource.swift */,
				A87D0AAB21E41333001D62B9 /* LocalStore.swift */,
				A80E04E421E5410D008E74FD /* URLManager.swift */,
			);
			path = BusinessLogic;
			sourceTree = "<group>";
		};
		A87D0AAC21E41333001D62B9 /* View */ = {
			isa = PBXGroup;
			children = (
				A87D0AAD21E41333001D62B9 /* UIViewController+AddRemove.swift */,
				A87D0AAE21E41333001D62B9 /* LoadingViewController.swift */,
			);
			path = View;
			sourceTree = "<group>";
		};
		A87D0AAF21E41333001D62B9 /* Models */ = {
			isa = PBXGroup;
			children = (
				A87D0AB021E41333001D62B9 /* Movie.swift */,
			);
			path = Models;
			sourceTree = "<group>";
		};
		B9C4A0AAA04BDFC2C35D9F22 /* Pods */ = {
			isa = PBXGroup;
			children = (
				92ACC6547960FE9C73EB1939 /* Pods-Tally.debug.xcconfig */,
				B97BF234A5B208F1B7669625 /* Pods-Tally.release.xcconfig */,
				EEDD071EF8BE4C3B4A8DD8D2 /* Pods-TallyTests.debug.xcconfig */,
				FF4F6A9E87C6A2BD95114F07 /* Pods-TallyTests.release.xcconfig */,
			);
			name = Pods;
			sourceTree = "<group>";
		};
		FA6439B7EF21A54C80E8B721 /* Frameworks */ = {
			isa = PBXGroup;
			children = (
				6637F641524C612548B8F25C /* Pods_Tally.framework */,
				4A0EA0611899F5D8BA81990E /* Pods_TallyTests.framework */,
			);
			name = Frameworks;
			sourceTree = "<group>";
		};
/* End PBXGroup section */

/* Begin PBXNativeTarget section */
		A87D0A3E21E4109E001D62B9 /* Tally */ = {
			isa = PBXNativeTarget;
			buildConfigurationList = A87D0A6721E410A0001D62B9 /* Build configuration list for PBXNativeTarget "Tally" */;
			buildPhases = (
				012D0F6802367462F6B36187 /* [CP] Check Pods Manifest.lock */,
				A87D0A3B21E4109E001D62B9 /* Sources */,
				A87D0A3C21E4109E001D62B9 /* Frameworks */,
				A87D0A3D21E4109E001D62B9 /* Resources */,
				50FAA9ECB73C7DEED9A20210 /* [CP] Embed Pods Frameworks */,
				A87D0AC821E416BE001D62B9 /* SwiftLint */,
			);
			buildRules = (
			);
			dependencies = (
			);
			name = Tally;
			productName = Tally;
			productReference = A87D0A3F21E4109E001D62B9 /* Tally.app */;
			productType = "com.apple.product-type.application";
		};
		A87D0A5221E410A0001D62B9 /* TallyTests */ = {
			isa = PBXNativeTarget;
			buildConfigurationList = A87D0A6A21E410A0001D62B9 /* Build configuration list for PBXNativeTarget "TallyTests" */;
			buildPhases = (
				9DD09D3AFC2C30AD684A37C6 /* [CP] Check Pods Manifest.lock */,
				A87D0A4F21E410A0001D62B9 /* Sources */,
				A87D0A5021E410A0001D62B9 /* Frameworks */,
				A87D0A5121E410A0001D62B9 /* Resources */,
			);
			buildRules = (
			);
			dependencies = (
				A87D0A5521E410A0001D62B9 /* PBXTargetDependency */,
			);
			name = TallyTests;
			productName = TallyTests;
			productReference = A87D0A5321E410A0001D62B9 /* TallyTests.xctest */;
			productType = "com.apple.product-type.bundle.unit-test";
		};
		A87D0A5D21E410A0001D62B9 /* TallyUITests */ = {
			isa = PBXNativeTarget;
			buildConfigurationList = A87D0A6D21E410A0001D62B9 /* Build configuration list for PBXNativeTarget "TallyUITests" */;
			buildPhases = (
				A87D0A5A21E410A0001D62B9 /* Sources */,
				A87D0A5B21E410A0001D62B9 /* Frameworks */,
				A87D0A5C21E410A0001D62B9 /* Resources */,
			);
			buildRules = (
			);
			dependencies = (
				A87D0A6021E410A0001D62B9 /* PBXTargetDependency */,
			);
			name = TallyUITests;
			productName = TallyUITests;
			productReference = A87D0A5E21E410A0001D62B9 /* TallyUITests.xctest */;
			productType = "com.apple.product-type.bundle.ui-testing";
		};
/* End PBXNativeTarget section */

/* Begin PBXProject section */
		A87D0A3721E4109E001D62B9 /* Project object */ = {
			isa = PBXProject;
			attributes = {
				LastSwiftUpdateCheck = 1010;
				LastUpgradeCheck = 1010;
				ORGANIZATIONNAME = tiguer;
				TargetAttributes = {
					A87D0A3E21E4109E001D62B9 = {
						CreatedOnToolsVersion = 10.1;
					};
					A87D0A5221E410A0001D62B9 = {
						CreatedOnToolsVersion = 10.1;
						LastSwiftMigration = 1010;
						TestTargetID = A87D0A3E21E4109E001D62B9;
					};
					A87D0A5D21E410A0001D62B9 = {
						CreatedOnToolsVersion = 10.1;
						TestTargetID = A87D0A3E21E4109E001D62B9;
					};
				};
			};
			buildConfigurationList = A87D0A3A21E4109E001D62B9 /* Build configuration list for PBXProject "Tally" */;
			compatibilityVersion = "Xcode 9.3";
			developmentRegion = en;
			hasScannedForEncodings = 0;
			knownRegions = (
				en,
				Base,
			);
			mainGroup = A87D0A3621E4109E001D62B9;
			productRefGroup = A87D0A4021E4109E001D62B9 /* Products */;
			projectDirPath = "";
			projectRoot = "";
			targets = (
				A87D0A3E21E4109E001D62B9 /* Tally */,
				A87D0A5221E410A0001D62B9 /* TallyTests */,
				A87D0A5D21E410A0001D62B9 /* TallyUITests */,
			);
		};
/* End PBXProject section */

/* Begin PBXResourcesBuildPhase section */
		A87D0A3D21E4109E001D62B9 /* Resources */ = {
			isa = PBXResourcesBuildPhase;
			buildActionMask = 2147483647;
			files = (
				A87D0AB921E41333001D62B9 /* MoviesTableViewController.xib in Resources */,
				A87D0AB621E41333001D62B9 /* MovieTableViewCell.xib in Resources */,
				A87D0A4A21E410A0001D62B9 /* Assets.xcassets in Resources */,
				A87D0ABA21E41333001D62B9 /* MoviesViewController.xib in Resources */,
				A87D0A7121E412DC001D62B9 /* Podfile in Resources */,
				A87D0A8D21E41325001D62B9 /* LaunchScreen.storyboard in Resources */,
				A87D0AB121E41333001D62B9 /* moviesJson.json in Resources */,
				A87D0A4821E4109E001D62B9 /* Main.storyboard in Resources */,
			);
			runOnlyForDeploymentPostprocessing = 0;
		};
		A87D0A5121E410A0001D62B9 /* Resources */ = {
			isa = PBXResourcesBuildPhase;
			buildActionMask = 2147483647;
			files = (
			);
			runOnlyForDeploymentPostprocessing = 0;
		};
		A87D0A5C21E410A0001D62B9 /* Resources */ = {
			isa = PBXResourcesBuildPhase;
			buildActionMask = 2147483647;
			files = (
			);
			runOnlyForDeploymentPostprocessing = 0;
		};
/* End PBXResourcesBuildPhase section */

/* Begin PBXShellScriptBuildPhase section */
		012D0F6802367462F6B36187 /* [CP] Check Pods Manifest.lock */ = {
			isa = PBXShellScriptBuildPhase;
			buildActionMask = 2147483647;
			files = (
			);
			inputPaths = (
				"${PODS_PODFILE_DIR_PATH}/Podfile.lock",
				"${PODS_ROOT}/Manifest.lock",
			);
			name = "[CP] Check Pods Manifest.lock";
			outputPaths = (
				"$(DERIVED_FILE_DIR)/Pods-Tally-checkManifestLockResult.txt",
			);
			runOnlyForDeploymentPostprocessing = 0;
			shellPath = /bin/sh;
			shellScript = "diff \"${PODS_PODFILE_DIR_PATH}/Podfile.lock\" \"${PODS_ROOT}/Manifest.lock\" > /dev/null\nif [ $? != 0 ] ; then\n    # print error to STDERR\n    echo \"error: The sandbox is not in sync with the Podfile.lock. Run 'pod install' or update your CocoaPods installation.\" >&2\n    exit 1\nfi\n# This output is used by Xcode 'outputs' to avoid re-running this script phase.\necho \"SUCCESS\" > \"${SCRIPT_OUTPUT_FILE_0}\"\n";
			showEnvVarsInLog = 0;
		};
		50FAA9ECB73C7DEED9A20210 /* [CP] Embed Pods Frameworks */ = {
			isa = PBXShellScriptBuildPhase;
			buildActionMask = 2147483647;
			files = (
			);
			inputPaths = (
				"${SRCROOT}/Pods/Target Support Files/Pods-Tally/Pods-Tally-frameworks.sh",
				"${BUILT_PRODUCTS_DIR}/Cache/Cache.framework",
				"${BUILT_PRODUCTS_DIR}/Unbox/Unbox.framework",
			);
			name = "[CP] Embed Pods Frameworks";
			outputPaths = (
				"${TARGET_BUILD_DIR}/${FRAMEWORKS_FOLDER_PATH}/Cache.framework",
				"${TARGET_BUILD_DIR}/${FRAMEWORKS_FOLDER_PATH}/Unbox.framework",
			);
			runOnlyForDeploymentPostprocessing = 0;
			shellPath = /bin/sh;
			shellScript = "\"${SRCROOT}/Pods/Target Support Files/Pods-Tally/Pods-Tally-frameworks.sh\"\n";
			showEnvVarsInLog = 0;
		};
		9DD09D3AFC2C30AD684A37C6 /* [CP] Check Pods Manifest.lock */ = {
			isa = PBXShellScriptBuildPhase;
			buildActionMask = 2147483647;
			files = (
			);
			inputPaths = (
				"${PODS_PODFILE_DIR_PATH}/Podfile.lock",
				"${PODS_ROOT}/Manifest.lock",
			);
			name = "[CP] Check Pods Manifest.lock";
			outputPaths = (
				"$(DERIVED_FILE_DIR)/Pods-TallyTests-checkManifestLockResult.txt",
			);
			runOnlyForDeploymentPostprocessing = 0;
			shellPath = /bin/sh;
			shellScript = "diff \"${PODS_PODFILE_DIR_PATH}/Podfile.lock\" \"${PODS_ROOT}/Manifest.lock\" > /dev/null\nif [ $? != 0 ] ; then\n    # print error to STDERR\n    echo \"error: The sandbox is not in sync with the Podfile.lock. Run 'pod install' or update your CocoaPods installation.\" >&2\n    exit 1\nfi\n# This output is used by Xcode 'outputs' to avoid re-running this script phase.\necho \"SUCCESS\" > \"${SCRIPT_OUTPUT_FILE_0}\"\n";
			showEnvVarsInLog = 0;
		};
		A87D0AC821E416BE001D62B9 /* SwiftLint */ = {
			isa = PBXShellScriptBuildPhase;
			buildActionMask = 2147483647;
			files = (
			);
			inputPaths = (
			);
			name = SwiftLint;
			outputPaths = (
			);
			runOnlyForDeploymentPostprocessing = 0;
			shellPath = /bin/sh;
			shellScript = "if which swiftlint >/dev/null; then\n    swiftlint\nelse\n    echo \"warning: SwiftLint not installed, download from https://github.com/realm/SwiftLint\"\nfi\n";
		};
/* End PBXShellScriptBuildPhase section */

/* Begin PBXSourcesBuildPhase section */
		A87D0A3B21E4109E001D62B9 /* Sources */ = {
			isa = PBXSourcesBuildPhase;
			buildActionMask = 2147483647;
			files = (
				A891BDB821E4DFA60009FFFE /* Cache.swift in Sources */,
				A87D0ABF21E41333001D62B9 /* Protocols.swift in Sources */,
				A87D0AB321E41333001D62B9 /* MoviesInteractor.swift in Sources */,
				A87D0AC121E41333001D62B9 /* TableViewDataSource.swift in Sources */,
				A87D0AB221E41333001D62B9 /* MoviesBuilder.swift in Sources */,
				A87D0AB421E41333001D62B9 /* MoviesPresenter.swift in Sources */,
				A87D0AC321E41333001D62B9 /* LocalStore.swift in Sources */,
				A891BDBC21E4F3590009FFFE /* FavoritesManager.swift in Sources */,
				A87D0A4321E4109E001D62B9 /* AppDelegate.swift in Sources */,
				A87D0A8C21E41325001D62B9 /* AppBuilder.swift in Sources */,
				A87D0AB521E41333001D62B9 /* MovieViewModel.swift in Sources */,
				A891BDC021E51C940009FFFE /* UITableView+ScrollToTop.swift in Sources */,
				A87D0ABC21E41333001D62B9 /* DynamicValue.swift in Sources */,
				A87D0AC021E41333001D62B9 /* Service.swift in Sources */,
				A80E04E721E546FB008E74FD /* MoviesStore.swift in Sources */,
				A87D0AB821E41333001D62B9 /* MoviesTableViewController.swift in Sources */,
				A87D0AC521E41333001D62B9 /* LoadingViewController.swift in Sources */,
				A87D0ABE21E41333001D62B9 /* Structs.swift in Sources */,
				A80E04E521E5410D008E74FD /* URLManager.swift in Sources */,
				A815A47721E43E3D00AB9A0C /* MoviesUnboxDataAdapter.swift in Sources */,
				A87D0AC421E41333001D62B9 /* UIViewController+AddRemove.swift in Sources */,
				A87D0ABB21E41333001D62B9 /* MovieTableViewCell.swift in Sources */,
				A87D0ABD21E41333001D62B9 /* Enumerations.swift in Sources */,
				A87D0AC621E41333001D62B9 /* Movie.swift in Sources */,
				A87D0AB721E41333001D62B9 /* MoviesViewController.swift in Sources */,
			);
			runOnlyForDeploymentPostprocessing = 0;
		};
		A87D0A4F21E410A0001D62B9 /* Sources */ = {
			isa = PBXSourcesBuildPhase;
			buildActionMask = 2147483647;
			files = (
				A891BDBA21E4E2F40009FFFE /* CacheTests.swift in Sources */,
				A87D0A7F21E412FA001D62B9 /* MoviesBuilderTests.swift in Sources */,
				A87D0A8221E412FA001D62B9 /* MoviesPresenterTests.swift in Sources */,
				A891BDB621E4C9800009FFFE /* MovieTableViewCellTests.swift in Sources */,
				A87D0A8321E412FA001D62B9 /* TableViewDataSourceTests.swift in Sources */,
				A87D0A7E21E412FA001D62B9 /* DynamicValueTests.swift in Sources */,
				A87D0A7C21E412FA001D62B9 /* AppBuilderTests.swift in Sources */,
				A891BDBE21E4F7310009FFFE /* FavoritesManagerTests.swift in Sources */,
				A87D0A7D21E412FA001D62B9 /* ServiceTests.swift in Sources */,
				A87D0A8421E412FA001D62B9 /* LocalStoreTests.swift in Sources */,
				A87D0A8121E412FA001D62B9 /* MoviesUnboxDataAdapterTests.swift in Sources */,
				A87D0A8021E412FA001D62B9 /* MoviesInteractorTests.swift in Sources */,
			);
			runOnlyForDeploymentPostprocessing = 0;
		};
		A87D0A5A21E410A0001D62B9 /* Sources */ = {
			isa = PBXSourcesBuildPhase;
			buildActionMask = 2147483647;
			files = (
				A87D0A6321E410A0001D62B9 /* TallyUITests.swift in Sources */,
			);
			runOnlyForDeploymentPostprocessing = 0;
		};
/* End PBXSourcesBuildPhase section */

/* Begin PBXTargetDependency section */
		A87D0A5521E410A0001D62B9 /* PBXTargetDependency */ = {
			isa = PBXTargetDependency;
			target = A87D0A3E21E4109E001D62B9 /* Tally */;
			targetProxy = A87D0A5421E410A0001D62B9 /* PBXContainerItemProxy */;
		};
		A87D0A6021E410A0001D62B9 /* PBXTargetDependency */ = {
			isa = PBXTargetDependency;
			target = A87D0A3E21E4109E001D62B9 /* Tally */;
			targetProxy = A87D0A5F21E410A0001D62B9 /* PBXContainerItemProxy */;
		};
/* End PBXTargetDependency section */

/* Begin PBXVariantGroup section */
		A87D0A4621E4109E001D62B9 /* Main.storyboard */ = {
			isa = PBXVariantGroup;
			children = (
				A87D0A4721E4109E001D62B9 /* Base */,
			);
			name = Main.storyboard;
			sourceTree = "<group>";
		};
		A87D0A8721E41325001D62B9 /* LaunchScreen.storyboard */ = {
			isa = PBXVariantGroup;
			children = (
				A87D0A8821E41325001D62B9 /* Base */,
			);
			name = LaunchScreen.storyboard;
			sourceTree = "<group>";
		};
/* End PBXVariantGroup section */

/* Begin XCBuildConfiguration section */
		A87D0A6521E410A0001D62B9 /* Debug */ = {
			isa = XCBuildConfiguration;
			buildSettings = {
				ALWAYS_SEARCH_USER_PATHS = NO;
				CLANG_ANALYZER_NONNULL = YES;
				CLANG_ANALYZER_NUMBER_OBJECT_CONVERSION = YES_AGGRESSIVE;
				CLANG_CXX_LANGUAGE_STANDARD = "gnu++14";
				CLANG_CXX_LIBRARY = "libc++";
				CLANG_ENABLE_MODULES = YES;
				CLANG_ENABLE_OBJC_ARC = YES;
				CLANG_ENABLE_OBJC_WEAK = YES;
				CLANG_WARN_BLOCK_CAPTURE_AUTORELEASING = YES;
				CLANG_WARN_BOOL_CONVERSION = YES;
				CLANG_WARN_COMMA = YES;
				CLANG_WARN_CONSTANT_CONVERSION = YES;
				CLANG_WARN_DEPRECATED_OBJC_IMPLEMENTATIONS = YES;
				CLANG_WARN_DIRECT_OBJC_ISA_USAGE = YES_ERROR;
				CLANG_WARN_DOCUMENTATION_COMMENTS = YES;
				CLANG_WARN_EMPTY_BODY = YES;
				CLANG_WARN_ENUM_CONVERSION = YES;
				CLANG_WARN_INFINITE_RECURSION = YES;
				CLANG_WARN_INT_CONVERSION = YES;
				CLANG_WARN_NON_LITERAL_NULL_CONVERSION = YES;
				CLANG_WARN_OBJC_IMPLICIT_RETAIN_SELF = YES;
				CLANG_WARN_OBJC_LITERAL_CONVERSION = YES;
				CLANG_WARN_OBJC_ROOT_CLASS = YES_ERROR;
				CLANG_WARN_RANGE_LOOP_ANALYSIS = YES;
				CLANG_WARN_STRICT_PROTOTYPES = YES;
				CLANG_WARN_SUSPICIOUS_MOVE = YES;
				CLANG_WARN_UNGUARDED_AVAILABILITY = YES_AGGRESSIVE;
				CLANG_WARN_UNREACHABLE_CODE = YES;
				CLANG_WARN__DUPLICATE_METHOD_MATCH = YES;
				CODE_SIGN_IDENTITY = "iPhone Developer";
				COPY_PHASE_STRIP = NO;
				DEBUG_INFORMATION_FORMAT = dwarf;
				ENABLE_STRICT_OBJC_MSGSEND = YES;
				ENABLE_TESTABILITY = YES;
				GCC_C_LANGUAGE_STANDARD = gnu11;
				GCC_DYNAMIC_NO_PIC = NO;
				GCC_NO_COMMON_BLOCKS = YES;
				GCC_OPTIMIZATION_LEVEL = 0;
				GCC_PREPROCESSOR_DEFINITIONS = (
					"DEBUG=1",
					"$(inherited)",
				);
				GCC_WARN_64_TO_32_BIT_CONVERSION = YES;
				GCC_WARN_ABOUT_RETURN_TYPE = YES_ERROR;
				GCC_WARN_UNDECLARED_SELECTOR = YES;
				GCC_WARN_UNINITIALIZED_AUTOS = YES_AGGRESSIVE;
				GCC_WARN_UNUSED_FUNCTION = YES;
				GCC_WARN_UNUSED_VARIABLE = YES;
				IPHONEOS_DEPLOYMENT_TARGET = 12.1;
				MTL_ENABLE_DEBUG_INFO = INCLUDE_SOURCE;
				MTL_FAST_MATH = YES;
				ONLY_ACTIVE_ARCH = YES;
				SDKROOT = iphoneos;
				SWIFT_ACTIVE_COMPILATION_CONDITIONS = DEBUG;
				SWIFT_OPTIMIZATION_LEVEL = "-Onone";
			};
			name = Debug;
		};
		A87D0A6621E410A0001D62B9 /* Release */ = {
			isa = XCBuildConfiguration;
			buildSettings = {
				ALWAYS_SEARCH_USER_PATHS = NO;
				CLANG_ANALYZER_NONNULL = YES;
				CLANG_ANALYZER_NUMBER_OBJECT_CONVERSION = YES_AGGRESSIVE;
				CLANG_CXX_LANGUAGE_STANDARD = "gnu++14";
				CLANG_CXX_LIBRARY = "libc++";
				CLANG_ENABLE_MODULES = YES;
				CLANG_ENABLE_OBJC_ARC = YES;
				CLANG_ENABLE_OBJC_WEAK = YES;
				CLANG_WARN_BLOCK_CAPTURE_AUTORELEASING = YES;
				CLANG_WARN_BOOL_CONVERSION = YES;
				CLANG_WARN_COMMA = YES;
				CLANG_WARN_CONSTANT_CONVERSION = YES;
				CLANG_WARN_DEPRECATED_OBJC_IMPLEMENTATIONS = YES;
				CLANG_WARN_DIRECT_OBJC_ISA_USAGE = YES_ERROR;
				CLANG_WARN_DOCUMENTATION_COMMENTS = YES;
				CLANG_WARN_EMPTY_BODY = YES;
				CLANG_WARN_ENUM_CONVERSION = YES;
				CLANG_WARN_INFINITE_RECURSION = YES;
				CLANG_WARN_INT_CONVERSION = YES;
				CLANG_WARN_NON_LITERAL_NULL_CONVERSION = YES;
				CLANG_WARN_OBJC_IMPLICIT_RETAIN_SELF = YES;
				CLANG_WARN_OBJC_LITERAL_CONVERSION = YES;
				CLANG_WARN_OBJC_ROOT_CLASS = YES_ERROR;
				CLANG_WARN_RANGE_LOOP_ANALYSIS = YES;
				CLANG_WARN_STRICT_PROTOTYPES = YES;
				CLANG_WARN_SUSPICIOUS_MOVE = YES;
				CLANG_WARN_UNGUARDED_AVAILABILITY = YES_AGGRESSIVE;
				CLANG_WARN_UNREACHABLE_CODE = YES;
				CLANG_WARN__DUPLICATE_METHOD_MATCH = YES;
				CODE_SIGN_IDENTITY = "iPhone Developer";
				COPY_PHASE_STRIP = NO;
				DEBUG_INFORMATION_FORMAT = "dwarf-with-dsym";
				ENABLE_NS_ASSERTIONS = NO;
				ENABLE_STRICT_OBJC_MSGSEND = YES;
				GCC_C_LANGUAGE_STANDARD = gnu11;
				GCC_NO_COMMON_BLOCKS = YES;
				GCC_WARN_64_TO_32_BIT_CONVERSION = YES;
				GCC_WARN_ABOUT_RETURN_TYPE = YES_ERROR;
				GCC_WARN_UNDECLARED_SELECTOR = YES;
				GCC_WARN_UNINITIALIZED_AUTOS = YES_AGGRESSIVE;
				GCC_WARN_UNUSED_FUNCTION = YES;
				GCC_WARN_UNUSED_VARIABLE = YES;
				IPHONEOS_DEPLOYMENT_TARGET = 12.1;
				MTL_ENABLE_DEBUG_INFO = NO;
				MTL_FAST_MATH = YES;
				SDKROOT = iphoneos;
				SWIFT_COMPILATION_MODE = wholemodule;
				SWIFT_OPTIMIZATION_LEVEL = "-O";
				VALIDATE_PRODUCT = YES;
			};
			name = Release;
		};
		A87D0A6821E410A0001D62B9 /* Debug */ = {
			isa = XCBuildConfiguration;
			baseConfigurationReference = 92ACC6547960FE9C73EB1939 /* Pods-Tally.debug.xcconfig */;
			buildSettings = {
				ASSETCATALOG_COMPILER_APPICON_NAME = AppIcon;
				CODE_SIGN_STYLE = Automatic;
				DEVELOPMENT_TEAM = 462PHCYTGY;
				INFOPLIST_FILE = Tally/Info.plist;
				LD_RUNPATH_SEARCH_PATHS = (
					"$(inherited)",
					"@executable_path/Frameworks",
				);
				PRODUCT_BUNDLE_IDENTIFIER = com.tiguer.Tally;
				PRODUCT_NAME = "$(TARGET_NAME)";
				SWIFT_VERSION = 4.2;
				TARGETED_DEVICE_FAMILY = "1,2";
			};
			name = Debug;
		};
		A87D0A6921E410A0001D62B9 /* Release */ = {
			isa = XCBuildConfiguration;
			baseConfigurationReference = B97BF234A5B208F1B7669625 /* Pods-Tally.release.xcconfig */;
			buildSettings = {
				ASSETCATALOG_COMPILER_APPICON_NAME = AppIcon;
				CODE_SIGN_STYLE = Automatic;
				DEVELOPMENT_TEAM = 462PHCYTGY;
				INFOPLIST_FILE = Tally/Info.plist;
				LD_RUNPATH_SEARCH_PATHS = (
					"$(inherited)",
					"@executable_path/Frameworks",
				);
				PRODUCT_BUNDLE_IDENTIFIER = com.tiguer.Tally;
				PRODUCT_NAME = "$(TARGET_NAME)";
				SWIFT_VERSION = 4.2;
				TARGETED_DEVICE_FAMILY = "1,2";
			};
			name = Release;
		};
		A87D0A6B21E410A0001D62B9 /* Debug */ = {
			isa = XCBuildConfiguration;
			baseConfigurationReference = EEDD071EF8BE4C3B4A8DD8D2 /* Pods-TallyTests.debug.xcconfig */;
			buildSettings = {
				ALWAYS_EMBED_SWIFT_STANDARD_LIBRARIES = YES;
				BUNDLE_LOADER = "$(TEST_HOST)";
				CLANG_ENABLE_MODULES = YES;
				CODE_SIGN_STYLE = Automatic;
				DEVELOPMENT_TEAM = 462PHCYTGY;
				INFOPLIST_FILE = TallyTests/Info.plist;
				LD_RUNPATH_SEARCH_PATHS = (
					"$(inherited)",
					"@executable_path/Frameworks",
					"@loader_path/Frameworks",
				);
				PRODUCT_BUNDLE_IDENTIFIER = com.tiguer.TallyTests;
				PRODUCT_NAME = "$(TARGET_NAME)";
				SWIFT_OBJC_BRIDGING_HEADER = "TallyTests/TallyTests-Bridging-Header.h";
				SWIFT_OPTIMIZATION_LEVEL = "-Onone";
				SWIFT_VERSION = 4.2;
				TARGETED_DEVICE_FAMILY = "1,2";
				TEST_HOST = "$(BUILT_PRODUCTS_DIR)/Tally.app/Tally";
			};
			name = Debug;
		};
		A87D0A6C21E410A0001D62B9 /* Release */ = {
			isa = XCBuildConfiguration;
			baseConfigurationReference = FF4F6A9E87C6A2BD95114F07 /* Pods-TallyTests.release.xcconfig */;
			buildSettings = {
				ALWAYS_EMBED_SWIFT_STANDARD_LIBRARIES = YES;
				BUNDLE_LOADER = "$(TEST_HOST)";
				CLANG_ENABLE_MODULES = YES;
				CODE_SIGN_STYLE = Automatic;
				DEVELOPMENT_TEAM = 462PHCYTGY;
				INFOPLIST_FILE = TallyTests/Info.plist;
				LD_RUNPATH_SEARCH_PATHS = (
					"$(inherited)",
					"@executable_path/Frameworks",
					"@loader_path/Frameworks",
				);
				PRODUCT_BUNDLE_IDENTIFIER = com.tiguer.TallyTests;
				PRODUCT_NAME = "$(TARGET_NAME)";
				SWIFT_OBJC_BRIDGING_HEADER = "TallyTests/TallyTests-Bridging-Header.h";
				SWIFT_VERSION = 4.2;
				TARGETED_DEVICE_FAMILY = "1,2";
				TEST_HOST = "$(BUILT_PRODUCTS_DIR)/Tally.app/Tally";
			};
			name = Release;
		};
		A87D0A6E21E410A0001D62B9 /* Debug */ = {
			isa = XCBuildConfiguration;
			buildSettings = {
				ALWAYS_EMBED_SWIFT_STANDARD_LIBRARIES = YES;
				CODE_SIGN_STYLE = Automatic;
				DEVELOPMENT_TEAM = 462PHCYTGY;
				INFOPLIST_FILE = TallyUITests/Info.plist;
				LD_RUNPATH_SEARCH_PATHS = (
					"$(inherited)",
					"@executable_path/Frameworks",
					"@loader_path/Frameworks",
				);
				PRODUCT_BUNDLE_IDENTIFIER = com.tiguer.TallyUITests;
				PRODUCT_NAME = "$(TARGET_NAME)";
				SWIFT_VERSION = 4.2;
				TARGETED_DEVICE_FAMILY = "1,2";
				TEST_TARGET_NAME = Tally;
			};
			name = Debug;
		};
		A87D0A6F21E410A0001D62B9 /* Release */ = {
			isa = XCBuildConfiguration;
			buildSettings = {
				ALWAYS_EMBED_SWIFT_STANDARD_LIBRARIES = YES;
				CODE_SIGN_STYLE = Automatic;
				DEVELOPMENT_TEAM = 462PHCYTGY;
				INFOPLIST_FILE = TallyUITests/Info.plist;
				LD_RUNPATH_SEARCH_PATHS = (
					"$(inherited)",
					"@executable_path/Frameworks",
					"@loader_path/Frameworks",
				);
				PRODUCT_BUNDLE_IDENTIFIER = com.tiguer.TallyUITests;
				PRODUCT_NAME = "$(TARGET_NAME)";
				SWIFT_VERSION = 4.2;
				TARGETED_DEVICE_FAMILY = "1,2";
				TEST_TARGET_NAME = Tally;
			};
			name = Release;
		};
/* End XCBuildConfiguration section */

/* Begin XCConfigurationList section */
		A87D0A3A21E4109E001D62B9 /* Build configuration list for PBXProject "Tally" */ = {
			isa = XCConfigurationList;
			buildConfigurations = (
				A87D0A6521E410A0001D62B9 /* Debug */,
				A87D0A6621E410A0001D62B9 /* Release */,
			);
			defaultConfigurationIsVisible = 0;
			defaultConfigurationName = Release;
		};
		A87D0A6721E410A0001D62B9 /* Build configuration list for PBXNativeTarget "Tally" */ = {
			isa = XCConfigurationList;
			buildConfigurations = (
				A87D0A6821E410A0001D62B9 /* Debug */,
				A87D0A6921E410A0001D62B9 /* Release */,
			);
			defaultConfigurationIsVisible = 0;
			defaultConfigurationName = Release;
		};
		A87D0A6A21E410A0001D62B9 /* Build configuration list for PBXNativeTarget "TallyTests" */ = {
			isa = XCConfigurationList;
			buildConfigurations = (
				A87D0A6B21E410A0001D62B9 /* Debug */,
				A87D0A6C21E410A0001D62B9 /* Release */,
			);
			defaultConfigurationIsVisible = 0;
			defaultConfigurationName = Release;
		};
		A87D0A6D21E410A0001D62B9 /* Build configuration list for PBXNativeTarget "TallyUITests" */ = {
			isa = XCConfigurationList;
			buildConfigurations = (
				A87D0A6E21E410A0001D62B9 /* Debug */,
				A87D0A6F21E410A0001D62B9 /* Release */,
			);
			defaultConfigurationIsVisible = 0;
			defaultConfigurationName = Release;
		};
/* End XCConfigurationList section */
	};
	rootObject = A87D0A3721E4109E001D62B9 /* Project object */;
}
